PODS:
  - IdVerification365id (2.2.4-beta):
    - iProov (= 11.0.2)
    - MBCaptureCore (= 1.2.1)
  - iProov (11.0.2)
  - MBCaptureCore (1.2.1)

DEPENDENCIES:
  - IdVerification365id (from `../`)

SPEC REPOS:
  https://github.com/CocoaPods/Specs.git:
    - iProov
    - MBCaptureCore

EXTERNAL SOURCES:
  IdVerification365id:
    :path: "../"

SPEC CHECKSUMS:
  IdVerification365id: 24093781b657fb0d297ef44f9364db5820532aec
  iProov: 728c99d21f8e25774366b4077841cd2c8e4932c1
  MBCaptureCore: 295ec3f321719199af44e06ee28507ed9eaa666f

PODFILE CHECKSUM: f16e6f736eaede92fd3473b5710f7d4b1c3d897a

COCOAPODS: 1.15.2
