PODS:
  - IdVerification365id (2.1.6-beta):
    - iProov (= 11.0.2)
    - MBCaptureCore (= 1.1.1)
  - iProov (11.0.2)
  - MBCaptureCore (1.1.1)

DEPENDENCIES:
  - IdVerification365id (= 2.1.6-beta)

SPEC REPOS:
  https://github.com/CocoaPods/Specs.git:
    - IdVerification365id
    - iProov
    - MBCaptureCore

SPEC CHECKSUMS:
  IdVerification365id: 1a5a1fd3b8d769f97cca3adb0c9fdf2912eb37ff
  iProov: 728c99d21f8e25774366b4077841cd2c8e4932c1
  MBCaptureCore: ae9eec0780fcf51d4a32221048ef5d8b90674ebd

PODFILE CHECKSUM: 4a2a4d1414fe69ce67e168827feaea3b5d20a165

COCOAPODS: 1.14.3
