PODS:
  - IdVerification365id (2.2.24):
    - iProov (= 11.0.3)
    - MBCaptureCore (= 1.2.1)
  - iProov (11.0.3)
  - MBCaptureCore (1.2.1)

DEPENDENCIES:
  - IdVerification365id (from `../`)

SPEC REPOS:
  https://github.com/CocoaPods/Specs.git:
    - iProov
    - MBCaptureCore

EXTERNAL SOURCES:
  IdVerification365id:
    :path: "../"

SPEC CHECKSUMS:
  IdVerification365id: 2d127157d31bd39dd30819e108062fe2f724243c
  iProov: c596936165f56fab2e08d76e9dc94b86db2f4e8f
  MBCaptureCore: 295ec3f321719199af44e06ee28507ed9eaa666f

PODFILE CHECKSUM: 6f2d9ef7f3052a36288673175c2e7a6c40eed886

COCOAPODS: 1.15.2
