// !$*UTF8*$!
{
	archiveVersion = 1;
	classes = {
	};
	objectVersion = 55;
	objects = {

/* Begin PBXBuildFile section */
		936ADEB428634A3400EF3FDB /* ExampleApp.swift in Sources */ = {isa = PBXBuildFile; fileRef = 936ADEB328634A3400EF3FDB /* ExampleApp.swift */; };
		936ADEB628634A3400EF3FDB /* ContentView.swift in Sources */ = {isa = PBXBuildFile; fileRef = 936ADEB528634A3400EF3FDB /* ContentView.swift */; };
		936ADEB828634A3500EF3FDB /* Assets.xcassets in Resources */ = {isa = PBXBuildFile; fileRef = 936ADEB728634A3500EF3FDB /* Assets.xcassets */; };
		936ADEBB28634A3500EF3FDB /* Preview Assets.xcassets in Resources */ = {isa = PBXBuildFile; fileRef = 936ADEBA28634A3500EF3FDB /* Preview Assets.xcassets */; };
		9370D87E28698F2B0055222B /* GRPCCertificate.swift in Sources */ = {isa = PBXBuildFile; fileRef = 9370D87928698F2B0055222B /* GRPCCertificate.swift */; };
		9370D87F28698F2B0055222B /* Authentication.proto in Sources */ = {isa = PBXBuildFile; fileRef = 9370D87B28698F2B0055222B /* Authentication.proto */; };
		9370D88028698F2B0055222B /* GRPCClientCommunicator.swift in Sources */ = {isa = PBXBuildFile; fileRef = 9370D87C28698F2B0055222B /* GRPCClientCommunicator.swift */; };
		9370D88128698F2B0055222B /* GRPCConfig.swift in Sources */ = {isa = PBXBuildFile; fileRef = 9370D87D28698F2B0055222B /* GRPCConfig.swift */; };
		9370D8842869ACCB0055222B /* Credentials.example.swift in Sources */ = {isa = PBXBuildFile; fileRef = 9370D8832869ACCB0055222B /* Credentials.example.swift */; };
		93735A61286461F300AD93CF /* Pods_Example.framework in Frameworks */ = {isa = PBXBuildFile; fileRef = 665B7D0DDAC2BC2497464393 /* Pods_Example.framework */; };
		93CDB5872864ACB300E1364C /* CGRPCZlib in Frameworks */ = {isa = PBXBuildFile; productRef = 93CDB5862864ACB300E1364C /* CGRPCZlib */; };
		93CDB5892864ACB300E1364C /* GRPC in Frameworks */ = {isa = PBXBuildFile; productRef = 93CDB5882864ACB300E1364C /* GRPC */; };
/* End PBXBuildFile section */

/* Begin PBXBuildRule section */
		9370D8822869905B0055222B /* PBXBuildRule */ = {
			isa = PBXBuildRule;
			compilerSpec = com.apple.compilers.proxy.script;
			fileType = sourcecode.protobuf;
			inputFiles = (
			);
			isEditable = 1;
			outputFiles = (
				"$(DERIVED_FILE_DIR)/$(INPUT_FILE_BASE).grpc.swift",
				"$(DERIVED_FILE_DIR)/$(INPUT_FILE_BASE).pb.swift",
			);
			runOncePerArchitecture = 0;
			script = "# Type a script or drag a script file from your workspace to insert its path.\n# Type a script or drag a script file from your workspace to insert its path.\nprotoc --proto_path=$INPUT_FILE_DIR --swift_out=$DERIVED_FILE_DIR $INPUT_FILE_PATH\nprotoc --proto_path=$INPUT_FILE_DIR --grpc-swift_out=$DERIVED_FILE_DIR $INPUT_FILE_PATH\n";
		};
/* End PBXBuildRule section */

/* Begin PBXFileReference section */
		4A40E7A0A31CDCE0373649C7 /* Pods-Example.release.xcconfig */ = {isa = PBXFileReference; includeInIndex = 1; lastKnownFileType = text.xcconfig; name = "Pods-Example.release.xcconfig"; path = "Target Support Files/Pods-Example/Pods-Example.release.xcconfig"; sourceTree = "<group>"; };
		665B7D0DDAC2BC2497464393 /* Pods_Example.framework */ = {isa = PBXFileReference; explicitFileType = wrapper.framework; includeInIndex = 0; path = Pods_Example.framework; sourceTree = BUILT_PRODUCTS_DIR; };
		936ADEB028634A3400EF3FDB /* Example.app */ = {isa = PBXFileReference; explicitFileType = wrapper.application; includeInIndex = 0; path = Example.app; sourceTree = BUILT_PRODUCTS_DIR; };
		936ADEB328634A3400EF3FDB /* ExampleApp.swift */ = {isa = PBXFileReference; lastKnownFileType = sourcecode.swift; path = ExampleApp.swift; sourceTree = "<group>"; };
		936ADEB528634A3400EF3FDB /* ContentView.swift */ = {isa = PBXFileReference; lastKnownFileType = sourcecode.swift; path = ContentView.swift; sourceTree = "<group>"; };
		936ADEB728634A3500EF3FDB /* Assets.xcassets */ = {isa = PBXFileReference; lastKnownFileType = folder.assetcatalog; path = Assets.xcassets; sourceTree = "<group>"; };
		936ADEBA28634A3500EF3FDB /* Preview Assets.xcassets */ = {isa = PBXFileReference; lastKnownFileType = folder.assetcatalog; path = "Preview Assets.xcassets"; sourceTree = "<group>"; };
		9370D87928698F2B0055222B /* GRPCCertificate.swift */ = {isa = PBXFileReference; fileEncoding = 4; lastKnownFileType = sourcecode.swift; path = GRPCCertificate.swift; sourceTree = "<group>"; };
		9370D87B28698F2B0055222B /* Authentication.proto */ = {isa = PBXFileReference; fileEncoding = 4; lastKnownFileType = sourcecode.protobuf; path = Authentication.proto; sourceTree = "<group>"; };
		9370D87C28698F2B0055222B /* GRPCClientCommunicator.swift */ = {isa = PBXFileReference; fileEncoding = 4; lastKnownFileType = sourcecode.swift; path = GRPCClientCommunicator.swift; sourceTree = "<group>"; };
		9370D87D28698F2B0055222B /* GRPCConfig.swift */ = {isa = PBXFileReference; fileEncoding = 4; lastKnownFileType = sourcecode.swift; path = GRPCConfig.swift; sourceTree = "<group>"; };
		9370D8832869ACCB0055222B /* Credentials.example.swift */ = {isa = PBXFileReference; lastKnownFileType = sourcecode.swift; path = Credentials.example.swift; sourceTree = "<group>"; };
		93735A5F28645F5300AD93CF /* Example.entitlements */ = {isa = PBXFileReference; lastKnownFileType = text.plist.entitlements; path = Example.entitlements; sourceTree = "<group>"; };
		93735A6028645FF600AD93CF /* Info.plist */ = {isa = PBXFileReference; lastKnownFileType = text.plist; path = Info.plist; sourceTree = "<group>"; };
		971F42B8E5E5FED9450CA6D3 /* Pods-Example.debug.xcconfig */ = {isa = PBXFileReference; includeInIndex = 1; lastKnownFileType = text.xcconfig; name = "Pods-Example.debug.xcconfig"; path = "Target Support Files/Pods-Example/Pods-Example.debug.xcconfig"; sourceTree = "<group>"; };
/* End PBXFileReference section */

/* Begin PBXFrameworksBuildPhase section */
		936ADEAD28634A3400EF3FDB /* Frameworks */ = {
			isa = PBXFrameworksBuildPhase;
			buildActionMask = 2147483647;
			files = (
				93735A61286461F300AD93CF /* Pods_Example.framework in Frameworks */,
				93CDB5872864ACB300E1364C /* CGRPCZlib in Frameworks */,
				93CDB5892864ACB300E1364C /* GRPC in Frameworks */,
			);
			runOnlyForDeploymentPostprocessing = 0;
		};
/* End PBXFrameworksBuildPhase section */

/* Begin PBXGroup section */
		936ADEA728634A3400EF3FDB = {
			isa = PBXGroup;
			children = (
				936ADEB228634A3400EF3FDB /* Example */,
				936ADEB128634A3400EF3FDB /* Products */,
				D49F2976F375B27A3DA5491A /* Pods */,
				E2926298BD00AAA5A6CA1CD5 /* Frameworks */,
			);
			sourceTree = "<group>";
		};
		936ADEB128634A3400EF3FDB /* Products */ = {
			isa = PBXGroup;
			children = (
				936ADEB028634A3400EF3FDB /* Example.app */,
			);
			name = Products;
			sourceTree = "<group>";
		};
		936ADEB228634A3400EF3FDB /* Example */ = {
			isa = PBXGroup;
			children = (
				93735A6028645FF600AD93CF /* Info.plist */,
				9370D87828698F2B0055222B /* Grpc */,
				93735A5F28645F5300AD93CF /* Example.entitlements */,
				936ADEB328634A3400EF3FDB /* ExampleApp.swift */,
				936ADEB528634A3400EF3FDB /* ContentView.swift */,
				936ADEB728634A3500EF3FDB /* Assets.xcassets */,
				936ADEB928634A3500EF3FDB /* Preview Content */,
				9370D8832869ACCB0055222B /* Credentials.example.swift */,
			);
			path = Example;
			sourceTree = "<group>";
		};
		936ADEB928634A3500EF3FDB /* Preview Content */ = {
			isa = PBXGroup;
			children = (
				936ADEBA28634A3500EF3FDB /* Preview Assets.xcassets */,
			);
			path = "Preview Content";
			sourceTree = "<group>";
		};
		9370D87828698F2B0055222B /* Grpc */ = {
			isa = PBXGroup;
			children = (
				9370D87928698F2B0055222B /* GRPCCertificate.swift */,
				9370D87A28698F2B0055222B /* Protos */,
				9370D87C28698F2B0055222B /* GRPCClientCommunicator.swift */,
				9370D87D28698F2B0055222B /* GRPCConfig.swift */,
			);
			path = Grpc;
			sourceTree = "<group>";
		};
		9370D87A28698F2B0055222B /* Protos */ = {
			isa = PBXGroup;
			children = (
				9370D87B28698F2B0055222B /* Authentication.proto */,
			);
			path = Protos;
			sourceTree = "<group>";
		};
		D49F2976F375B27A3DA5491A /* Pods */ = {
			isa = PBXGroup;
			children = (
				971F42B8E5E5FED9450CA6D3 /* Pods-Example.debug.xcconfig */,
				4A40E7A0A31CDCE0373649C7 /* Pods-Example.release.xcconfig */,
			);
			path = Pods;
			sourceTree = "<group>";
		};
		E2926298BD00AAA5A6CA1CD5 /* Frameworks */ = {
			isa = PBXGroup;
			children = (
				665B7D0DDAC2BC2497464393 /* Pods_Example.framework */,
			);
			name = Frameworks;
			sourceTree = "<group>";
		};
/* End PBXGroup section */

/* Begin PBXNativeTarget section */
		936ADEAF28634A3400EF3FDB /* Example */ = {
			isa = PBXNativeTarget;
			buildConfigurationList = 936ADEBE28634A3500EF3FDB /* Build configuration list for PBXNativeTarget "Example" */;
			buildPhases = (
				02CCB82322FD3C65A1C9B895 /* [CP] Check Pods Manifest.lock */,
				936ADEAC28634A3400EF3FDB /* Sources */,
				936ADEAD28634A3400EF3FDB /* Frameworks */,
				936ADEAE28634A3400EF3FDB /* Resources */,
				35A47116397597DD0496276A /* [CP] Embed Pods Frameworks */,
			);
			buildRules = (
				9370D8822869905B0055222B /* PBXBuildRule */,
			);
			dependencies = (
			);
			name = Example;
			packageProductDependencies = (
				93CDB5862864ACB300E1364C /* CGRPCZlib */,
				93CDB5882864ACB300E1364C /* GRPC */,
			);
			productName = Example;
			productReference = 936ADEB028634A3400EF3FDB /* Example.app */;
			productType = "com.apple.product-type.application";
		};
/* End PBXNativeTarget section */

/* Begin PBXProject section */
		936ADEA828634A3400EF3FDB /* Project object */ = {
			isa = PBXProject;
			attributes = {
				BuildIndependentTargetsInParallel = 1;
				LastSwiftUpdateCheck = 1330;
				LastUpgradeCheck = 1330;
				TargetAttributes = {
					936ADEAF28634A3400EF3FDB = {
						CreatedOnToolsVersion = 13.3.1;
					};
				};
			};
			buildConfigurationList = 936ADEAB28634A3400EF3FDB /* Build configuration list for PBXProject "Example" */;
			compatibilityVersion = "Xcode 13.0";
			developmentRegion = en;
			hasScannedForEncodings = 0;
			knownRegions = (
				en,
				Base,
			);
			mainGroup = 936ADEA728634A3400EF3FDB;
			packageReferences = (
				93CDB5852864ACB300E1364C /* XCRemoteSwiftPackageReference "grpc-swift" */,
			);
			productRefGroup = 936ADEB128634A3400EF3FDB /* Products */;
			projectDirPath = "";
			projectRoot = "";
			targets = (
				936ADEAF28634A3400EF3FDB /* Example */,
			);
		};
/* End PBXProject section */

/* Begin PBXResourcesBuildPhase section */
		936ADEAE28634A3400EF3FDB /* Resources */ = {
			isa = PBXResourcesBuildPhase;
			buildActionMask = 2147483647;
			files = (
				936ADEBB28634A3500EF3FDB /* Preview Assets.xcassets in Resources */,
				936ADEB828634A3500EF3FDB /* Assets.xcassets in Resources */,
			);
			runOnlyForDeploymentPostprocessing = 0;
		};
/* End PBXResourcesBuildPhase section */

/* Begin PBXShellScriptBuildPhase section */
		02CCB82322FD3C65A1C9B895 /* [CP] Check Pods Manifest.lock */ = {
			isa = PBXShellScriptBuildPhase;
			buildActionMask = 2147483647;
			files = (
			);
			inputFileListPaths = (
			);
			inputPaths = (
				"${PODS_PODFILE_DIR_PATH}/Podfile.lock",
				"${PODS_ROOT}/Manifest.lock",
			);
			name = "[CP] Check Pods Manifest.lock";
			outputFileListPaths = (
			);
			outputPaths = (
				"$(DERIVED_FILE_DIR)/Pods-Example-checkManifestLockResult.txt",
			);
			runOnlyForDeploymentPostprocessing = 0;
			shellPath = /bin/sh;
			shellScript = "diff \"${PODS_PODFILE_DIR_PATH}/Podfile.lock\" \"${PODS_ROOT}/Manifest.lock\" > /dev/null\nif [ $? != 0 ] ; then\n    # print error to STDERR\n    echo \"error: The sandbox is not in sync with the Podfile.lock. Run 'pod install' or update your CocoaPods installation.\" >&2\n    exit 1\nfi\n# This output is used by Xcode 'outputs' to avoid re-running this script phase.\necho \"SUCCESS\" > \"${SCRIPT_OUTPUT_FILE_0}\"\n";
			showEnvVarsInLog = 0;
		};
		35A47116397597DD0496276A /* [CP] Embed Pods Frameworks */ = {
			isa = PBXShellScriptBuildPhase;
			buildActionMask = 2147483647;
			files = (
			);
			inputFileListPaths = (
				"${PODS_ROOT}/Target Support Files/Pods-Example/Pods-Example-frameworks-${CONFIGURATION}-input-files.xcfilelist",
			);
			name = "[CP] Embed Pods Frameworks";
			outputFileListPaths = (
				"${PODS_ROOT}/Target Support Files/Pods-Example/Pods-Example-frameworks-${CONFIGURATION}-output-files.xcfilelist",
			);
			runOnlyForDeploymentPostprocessing = 0;
			shellPath = /bin/sh;
			shellScript = "\"${PODS_ROOT}/Target Support Files/Pods-Example/Pods-Example-frameworks.sh\"\n";
			showEnvVarsInLog = 0;
		};
/* End PBXShellScriptBuildPhase section */

/* Begin PBXSourcesBuildPhase section */
		936ADEAC28634A3400EF3FDB /* Sources */ = {
			isa = PBXSourcesBuildPhase;
			buildActionMask = 2147483647;
			files = (
				936ADEB628634A3400EF3FDB /* ContentView.swift in Sources */,
				9370D8842869ACCB0055222B /* Credentials.example.swift in Sources */,
				9370D88128698F2B0055222B /* GRPCConfig.swift in Sources */,
				936ADEB428634A3400EF3FDB /* ExampleApp.swift in Sources */,
				9370D87F28698F2B0055222B /* Authentication.proto in Sources */,
				9370D88028698F2B0055222B /* GRPCClientCommunicator.swift in Sources */,
				9370D87E28698F2B0055222B /* GRPCCertificate.swift in Sources */,
			);
			runOnlyForDeploymentPostprocessing = 0;
		};
/* End PBXSourcesBuildPhase section */

/* Begin XCBuildConfiguration section */
		936ADEBC28634A3500EF3FDB /* Debug */ = {
			isa = XCBuildConfiguration;
			buildSettings = {
				ALWAYS_SEARCH_USER_PATHS = NO;
				CLANG_ANALYZER_NONNULL = YES;
				CLANG_ANALYZER_NUMBER_OBJECT_CONVERSION = YES_AGGRESSIVE;
				CLANG_CXX_LANGUAGE_STANDARD = "gnu++17";
				CLANG_ENABLE_MODULES = YES;
				CLANG_ENABLE_OBJC_ARC = YES;
				CLANG_ENABLE_OBJC_WEAK = YES;
				CLANG_WARN_BLOCK_CAPTURE_AUTORELEASING = YES;
				CLANG_WARN_BOOL_CONVERSION = YES;
				CLANG_WARN_COMMA = YES;
				CLANG_WARN_CONSTANT_CONVERSION = YES;
				CLANG_WARN_DEPRECATED_OBJC_IMPLEMENTATIONS = YES;
				CLANG_WARN_DIRECT_OBJC_ISA_USAGE = YES_ERROR;
				CLANG_WARN_DOCUMENTATION_COMMENTS = YES;
				CLANG_WARN_EMPTY_BODY = YES;
				CLANG_WARN_ENUM_CONVERSION = YES;
				CLANG_WARN_INFINITE_RECURSION = YES;
				CLANG_WARN_INT_CONVERSION = YES;
				CLANG_WARN_NON_LITERAL_NULL_CONVERSION = YES;
				CLANG_WARN_OBJC_IMPLICIT_RETAIN_SELF = YES;
				CLANG_WARN_OBJC_LITERAL_CONVERSION = YES;
				CLANG_WARN_OBJC_ROOT_CLASS = YES_ERROR;
				CLANG_WARN_QUOTED_INCLUDE_IN_FRAMEWORK_HEADER = YES;
				CLANG_WARN_RANGE_LOOP_ANALYSIS = YES;
				CLANG_WARN_STRICT_PROTOTYPES = YES;
				CLANG_WARN_SUSPICIOUS_MOVE = YES;
				CLANG_WARN_UNGUARDED_AVAILABILITY = YES_AGGRESSIVE;
				CLANG_WARN_UNREACHABLE_CODE = YES;
				CLANG_WARN__DUPLICATE_METHOD_MATCH = YES;
				COPY_PHASE_STRIP = NO;
				DEBUG_INFORMATION_FORMAT = dwarf;
				ENABLE_STRICT_OBJC_MSGSEND = YES;
				ENABLE_TESTABILITY = YES;
				GCC_C_LANGUAGE_STANDARD = gnu11;
				GCC_DYNAMIC_NO_PIC = NO;
				GCC_NO_COMMON_BLOCKS = YES;
				GCC_OPTIMIZATION_LEVEL = 0;
				GCC_PREPROCESSOR_DEFINITIONS = (
					"DEBUG=1",
					"$(inherited)",
				);
				GCC_WARN_64_TO_32_BIT_CONVERSION = YES;
				GCC_WARN_ABOUT_RETURN_TYPE = YES_ERROR;
				GCC_WARN_UNDECLARED_SELECTOR = YES;
				GCC_WARN_UNINITIALIZED_AUTOS = YES_AGGRESSIVE;
				GCC_WARN_UNUSED_FUNCTION = YES;
				GCC_WARN_UNUSED_VARIABLE = YES;
				IPHONEOS_DEPLOYMENT_TARGET = 15.4;
				MTL_ENABLE_DEBUG_INFO = INCLUDE_SOURCE;
				MTL_FAST_MATH = YES;
				ONLY_ACTIVE_ARCH = YES;
				SDKROOT = iphoneos;
				SWIFT_ACTIVE_COMPILATION_CONDITIONS = DEBUG;
				SWIFT_OPTIMIZATION_LEVEL = "-Onone";
			};
			name = Debug;
		};
		936ADEBD28634A3500EF3FDB /* Release */ = {
			isa = XCBuildConfiguration;
			buildSettings = {
				ALWAYS_SEARCH_USER_PATHS = NO;
				CLANG_ANALYZER_NONNULL = YES;
				CLANG_ANALYZER_NUMBER_OBJECT_CONVERSION = YES_AGGRESSIVE;
				CLANG_CXX_LANGUAGE_STANDARD = "gnu++17";
				CLANG_ENABLE_MODULES = YES;
				CLANG_ENABLE_OBJC_ARC = YES;
				CLANG_ENABLE_OBJC_WEAK = YES;
				CLANG_WARN_BLOCK_CAPTURE_AUTORELEASING = YES;
				CLANG_WARN_BOOL_CONVERSION = YES;
				CLANG_WARN_COMMA = YES;
				CLANG_WARN_CONSTANT_CONVERSION = YES;
				CLANG_WARN_DEPRECATED_OBJC_IMPLEMENTATIONS = YES;
				CLANG_WARN_DIRECT_OBJC_ISA_USAGE = YES_ERROR;
				CLANG_WARN_DOCUMENTATION_COMMENTS = YES;
				CLANG_WARN_EMPTY_BODY = YES;
				CLANG_WARN_ENUM_CONVERSION = YES;
				CLANG_WARN_INFINITE_RECURSION = YES;
				CLANG_WARN_INT_CONVERSION = YES;
				CLANG_WARN_NON_LITERAL_NULL_CONVERSION = YES;
				CLANG_WARN_OBJC_IMPLICIT_RETAIN_SELF = YES;
				CLANG_WARN_OBJC_LITERAL_CONVERSION = YES;
				CLANG_WARN_OBJC_ROOT_CLASS = YES_ERROR;
				CLANG_WARN_QUOTED_INCLUDE_IN_FRAMEWORK_HEADER = YES;
				CLANG_WARN_RANGE_LOOP_ANALYSIS = YES;
				CLANG_WARN_STRICT_PROTOTYPES = YES;
				CLANG_WARN_SUSPICIOUS_MOVE = YES;
				CLANG_WARN_UNGUARDED_AVAILABILITY = YES_AGGRESSIVE;
				CLANG_WARN_UNREACHABLE_CODE = YES;
				CLANG_WARN__DUPLICATE_METHOD_MATCH = YES;
				COPY_PHASE_STRIP = NO;
				DEBUG_INFORMATION_FORMAT = "dwarf-with-dsym";
				ENABLE_NS_ASSERTIONS = NO;
				ENABLE_STRICT_OBJC_MSGSEND = YES;
				GCC_C_LANGUAGE_STANDARD = gnu11;
				GCC_NO_COMMON_BLOCKS = YES;
				GCC_WARN_64_TO_32_BIT_CONVERSION = YES;
				GCC_WARN_ABOUT_RETURN_TYPE = YES_ERROR;
				GCC_WARN_UNDECLARED_SELECTOR = YES;
				GCC_WARN_UNINITIALIZED_AUTOS = YES_AGGRESSIVE;
				GCC_WARN_UNUSED_FUNCTION = YES;
				GCC_WARN_UNUSED_VARIABLE = YES;
				IPHONEOS_DEPLOYMENT_TARGET = 15.4;
				MTL_ENABLE_DEBUG_INFO = NO;
				MTL_FAST_MATH = YES;
				SDKROOT = iphoneos;
				SWIFT_COMPILATION_MODE = wholemodule;
				SWIFT_OPTIMIZATION_LEVEL = "-O";
				VALIDATE_PRODUCT = YES;
			};
			name = Release;
		};
		936ADEBF28634A3500EF3FDB /* Debug */ = {
			isa = XCBuildConfiguration;
			baseConfigurationReference = 971F42B8E5E5FED9450CA6D3 /* Pods-Example.debug.xcconfig */;
			buildSettings = {
				ASSETCATALOG_COMPILER_APPICON_NAME = AppIcon;
				ASSETCATALOG_COMPILER_GLOBAL_ACCENT_COLOR_NAME = AccentColor;
				CODE_SIGN_ENTITLEMENTS = Example/Example.entitlements;
				CODE_SIGN_STYLE = Automatic;
				CURRENT_PROJECT_VERSION = 1;
				DEVELOPMENT_ASSET_PATHS = "\"Example/Preview Content\"";
				DEVELOPMENT_TEAM = 63PHGT3AA5;
				ENABLE_PREVIEWS = YES;
				GENERATE_INFOPLIST_FILE = YES;
				INFOPLIST_FILE = Example/Info.plist;
				INFOPLIST_KEY_NFCReaderUsageDescription = "365id Id Verification needs to use your NFC in order to identify id document";
				INFOPLIST_KEY_NSCameraUsageDescription = "365id Id Verification needs to use your camera in order to identify id document";
				INFOPLIST_KEY_UIApplicationSceneManifest_Generation = YES;
				INFOPLIST_KEY_UIApplicationSupportsIndirectInputEvents = YES;
				INFOPLIST_KEY_UILaunchScreen_Generation = YES;
				INFOPLIST_KEY_UISupportedInterfaceOrientations_iPad = "UIInterfaceOrientationPortrait UIInterfaceOrientationPortraitUpsideDown UIInterfaceOrientationLandscapeLeft UIInterfaceOrientationLandscapeRight";
				INFOPLIST_KEY_UISupportedInterfaceOrientations_iPhone = "UIInterfaceOrientationPortrait UIInterfaceOrientationLandscapeLeft UIInterfaceOrientationLandscapeRight";
				IPHONEOS_DEPLOYMENT_TARGET = 14.0;
				LD_RUNPATH_SEARCH_PATHS = (
					"$(inherited)",
					"@executable_path/Frameworks",
				);
				MARKETING_VERSION = 1.0;
				PRODUCT_BUNDLE_IDENTIFIER = com.IdVerification365iD.com.Example;
				PRODUCT_NAME = "$(TARGET_NAME)";
				SWIFT_EMIT_LOC_STRINGS = YES;
				SWIFT_VERSION = 5.0;
				TARGETED_DEVICE_FAMILY = "1,2";
			};
			name = Debug;
		};
		936ADEC028634A3500EF3FDB /* Release */ = {
			isa = XCBuildConfiguration;
			baseConfigurationReference = 4A40E7A0A31CDCE0373649C7 /* Pods-Example.release.xcconfig */;
			buildSettings = {
				ASSETCATALOG_COMPILER_APPICON_NAME = AppIcon;
				ASSETCATALOG_COMPILER_GLOBAL_ACCENT_COLOR_NAME = AccentColor;
				CODE_SIGN_ENTITLEMENTS = Example/Example.entitlements;
				CODE_SIGN_STYLE = Automatic;
				CURRENT_PROJECT_VERSION = 1;
				DEVELOPMENT_ASSET_PATHS = "\"Example/Preview Content\"";
				DEVELOPMENT_TEAM = 63PHGT3AA5;
				ENABLE_PREVIEWS = YES;
				GENERATE_INFOPLIST_FILE = YES;
				INFOPLIST_FILE = Example/Info.plist;
				INFOPLIST_KEY_NFCReaderUsageDescription = "365id Id Verification needs to use your NFC in order to identify id document";
				INFOPLIST_KEY_NSCameraUsageDescription = "365id Id Verification needs to use your camera in order to identify id document";
				INFOPLIST_KEY_UIApplicationSceneManifest_Generation = YES;
				INFOPLIST_KEY_UIApplicationSupportsIndirectInputEvents = YES;
				INFOPLIST_KEY_UILaunchScreen_Generation = YES;
				INFOPLIST_KEY_UISupportedInterfaceOrientations_iPad = "UIInterfaceOrientationPortrait UIInterfaceOrientationPortraitUpsideDown UIInterfaceOrientationLandscapeLeft UIInterfaceOrientationLandscapeRight";
				INFOPLIST_KEY_UISupportedInterfaceOrientations_iPhone = "UIInterfaceOrientationPortrait UIInterfaceOrientationLandscapeLeft UIInterfaceOrientationLandscapeRight";
				IPHONEOS_DEPLOYMENT_TARGET = 14.0;
				LD_RUNPATH_SEARCH_PATHS = (
					"$(inherited)",
					"@executable_path/Frameworks",
				);
				MARKETING_VERSION = 1.0;
				PRODUCT_BUNDLE_IDENTIFIER = com.IdVerification365iD.com.Example;
				PRODUCT_NAME = "$(TARGET_NAME)";
				SWIFT_EMIT_LOC_STRINGS = YES;
				SWIFT_VERSION = 5.0;
				TARGETED_DEVICE_FAMILY = "1,2";
			};
			name = Release;
		};
/* End XCBuildConfiguration section */

/* Begin XCConfigurationList section */
		936ADEAB28634A3400EF3FDB /* Build configuration list for PBXProject "Example" */ = {
			isa = XCConfigurationList;
			buildConfigurations = (
				936ADEBC28634A3500EF3FDB /* Debug */,
				936ADEBD28634A3500EF3FDB /* Release */,
			);
			defaultConfigurationIsVisible = 0;
			defaultConfigurationName = Release;
		};
		936ADEBE28634A3500EF3FDB /* Build configuration list for PBXNativeTarget "Example" */ = {
			isa = XCConfigurationList;
			buildConfigurations = (
				936ADEBF28634A3500EF3FDB /* Debug */,
				936ADEC028634A3500EF3FDB /* Release */,
			);
			defaultConfigurationIsVisible = 0;
			defaultConfigurationName = Release;
		};
/* End XCConfigurationList section */

/* Begin XCRemoteSwiftPackageReference section */
		93CDB5852864ACB300E1364C /* XCRemoteSwiftPackageReference "grpc-swift" */ = {
			isa = XCRemoteSwiftPackageReference;
			repositoryURL = "https://github.com/grpc/grpc-swift.git";
			requirement = {
				kind = upToNextMajorVersion;
				minimumVersion = 1.0.0;
			};
		};
/* End XCRemoteSwiftPackageReference section */

/* Begin XCSwiftPackageProductDependency section */
		93CDB5862864ACB300E1364C /* CGRPCZlib */ = {
			isa = XCSwiftPackageProductDependency;
			package = 93CDB5852864ACB300E1364C /* XCRemoteSwiftPackageReference "grpc-swift" */;
			productName = CGRPCZlib;
		};
		93CDB5882864ACB300E1364C /* GRPC */ = {
			isa = XCSwiftPackageProductDependency;
			package = 93CDB5852864ACB300E1364C /* XCRemoteSwiftPackageReference "grpc-swift" */;
			productName = GRPC;
		};
/* End XCSwiftPackageProductDependency section */
	};
	rootObject = 936ADEA828634A3400EF3FDB /* Project object */;
}
