// !$*UTF8*$!
{
	archiveVersion = 1;
	classes = {
	};
	objectVersion = 55;
	objects = {

/* Begin PBXBuildFile section */
		11C72CCEAD94C269EC55D2E3 /* Pods_SampleApp_swift.framework in Frameworks */ = {isa = PBXBuildFile; fileRef = BC7C8D437D4CF0B369122683 /* Pods_SampleApp_swift.framework */; };
		A1B301F828ABCD3C008863E9 /* SampleApp.swift in Sources */ = {isa = PBXBuildFile; fileRef = A1B301F728ABCD3C008863E9 /* SampleApp.swift */; };
		A1B301FA28ABCD3C008863E9 /* ContentView.swift in Sources */ = {isa = PBXBuildFile; fileRef = A1B301F928ABCD3C008863E9 /* ContentView.swift */; };
		A1B301FC28ABCD3D008863E9 /* Assets.xcassets in Resources */ = {isa = PBXBuildFile; fileRef = A1B301FB28ABCD3D008863E9 /* Assets.xcassets */; };
		A1B301FF28ABCD3D008863E9 /* Preview Assets.xcassets in Resources */ = {isa = PBXBuildFile; fileRef = A1B301FE28ABCD3D008863E9 /* Preview Assets.xcassets */; };
		A1B3022D28ACDB4C008863E9 /* Credentials.swift in Sources */ = {isa = PBXBuildFile; fileRef = A1B3022C28ACDB4C008863E9 /* Credentials.swift */; };
		A1B3023B28AD03E8008863E9 /* DeviceInformation.swift in Sources */ = {isa = PBXBuildFile; fileRef = A1B3023A28AD03E8008863E9 /* DeviceInformation.swift */; };
		B793E7F52B90DDAB001FA525 /* MyCustomAnimations.swift in Sources */ = {isa = PBXBuildFile; fileRef = B793E7F42B90DDAB001FA525 /* MyCustomAnimations.swift */; };
		B7AA3A362B8CBCA4002255DE /* AppDelegate.m in Sources */ = {isa = PBXBuildFile; fileRef = B7AA3A352B8CBCA4002255DE /* AppDelegate.m */; };
		B7AA3A392B8CBCA4002255DE /* SceneDelegate.m in Sources */ = {isa = PBXBuildFile; fileRef = B7AA3A382B8CBCA4002255DE /* SceneDelegate.m */; };
		B7AA3A3C2B8CBCA4002255DE /* ViewController.m in Sources */ = {isa = PBXBuildFile; fileRef = B7AA3A3B2B8CBCA4002255DE /* ViewController.m */; };
		B7AA3A3F2B8CBCA4002255DE /* Main.storyboard in Resources */ = {isa = PBXBuildFile; fileRef = B7AA3A3D2B8CBCA4002255DE /* Main.storyboard */; };
		B7AA3A422B8CBCA4002255DE /* SampleApp_objc.xcdatamodeld in Sources */ = {isa = PBXBuildFile; fileRef = B7AA3A402B8CBCA4002255DE /* SampleApp_objc.xcdatamodeld */; };
		B7AA3A442B8CBCA5002255DE /* Assets.xcassets in Resources */ = {isa = PBXBuildFile; fileRef = B7AA3A432B8CBCA5002255DE /* Assets.xcassets */; };
		B7AA3A472B8CBCA5002255DE /* LaunchScreen.storyboard in Resources */ = {isa = PBXBuildFile; fileRef = B7AA3A452B8CBCA5002255DE /* LaunchScreen.storyboard */; };
		B7AA3A4A2B8CBCA5002255DE /* main.m in Sources */ = {isa = PBXBuildFile; fileRef = B7AA3A492B8CBCA5002255DE /* main.m */; };
		B7AA3A4E2B8CBD25002255DE /* Credentials.m in Sources */ = {isa = PBXBuildFile; fileRef = FBEE0EDC2947C5A900A91F6E /* Credentials.m */; };
		B7AA3A4F2B8CBD25002255DE /* DeviceInformation.m in Sources */ = {isa = PBXBuildFile; fileRef = FBEE0EDF2947C5BD00A91F6E /* DeviceInformation.m */; };
		B7AA3A502B8CBD25002255DE /* TokenHandler.m in Sources */ = {isa = PBXBuildFile; fileRef = FBF70289294676C300DD30CA /* TokenHandler.m */; };
		B7FFB1372A1E5FD7003033C2 /* IdVerificationContainerView.swift in Sources */ = {isa = PBXBuildFile; fileRef = B7FFB1362A1E5FD7003033C2 /* IdVerificationContainerView.swift */; };
		B8A534D7B40AF6E2EF89BF42 /* Pods_SampleApp_objc.framework in Frameworks */ = {isa = PBXBuildFile; fileRef = 2C294D1A8A3B305CD08511B8 /* Pods_SampleApp_objc.framework */; };
		FB23963A2937912000118820 /* TokenHandler.swift in Sources */ = {isa = PBXBuildFile; fileRef = FB2396392937912000118820 /* TokenHandler.swift */; };
/* End PBXBuildFile section */

/* Begin PBXBuildRule section */
		A1B3023728ACEA30008863E9 /* PBXBuildRule */ = {
			isa = PBXBuildRule;
			compilerSpec = com.apple.compilers.proxy.script;
			fileType = sourcecode.protobuf;
			inputFiles = (
			);
			isEditable = 1;
			outputFiles = (
				"$(DERIVED_FILE_DIR)/$(INPUT_FILE_BASE).grpc.swift",
				"$(DERIVED_FILE_DIR)/$(INPUT_FILE_BASE).pb.swift",
			);
			script = "protoc --proto_path=$INPUT_FILE_DIR --swift_out=$DERIVED_FILE_DIR $INPUT_FILE_PATH\nprotoc --proto_path=$INPUT_FILE_DIR --grpc-swift_out=$DERIVED_FILE_DIR $INPUT_FILE_PATH\n";
		};
/* End PBXBuildRule section */

/* Begin PBXFileReference section */
		0053137DDB7B484761522946 /* Pods-SampleApp-swift.debug.xcconfig */ = {isa = PBXFileReference; includeInIndex = 1; lastKnownFileType = text.xcconfig; name = "Pods-SampleApp-swift.debug.xcconfig"; path = "Target Support Files/Pods-SampleApp-swift/Pods-SampleApp-swift.debug.xcconfig"; sourceTree = "<group>"; };
		2C294D1A8A3B305CD08511B8 /* Pods_SampleApp_objc.framework */ = {isa = PBXFileReference; explicitFileType = wrapper.framework; includeInIndex = 0; path = Pods_SampleApp_objc.framework; sourceTree = BUILT_PRODUCTS_DIR; };
		67A1063E733E7A21D8715AE7 /* Pods-SampleApp-objc.debug.xcconfig */ = {isa = PBXFileReference; includeInIndex = 1; lastKnownFileType = text.xcconfig; name = "Pods-SampleApp-objc.debug.xcconfig"; path = "Target Support Files/Pods-SampleApp-objc/Pods-SampleApp-objc.debug.xcconfig"; sourceTree = "<group>"; };
		A1B301F428ABCD3C008863E9 /* SampleApp-swift.app */ = {isa = PBXFileReference; explicitFileType = wrapper.application; includeInIndex = 0; path = "SampleApp-swift.app"; sourceTree = BUILT_PRODUCTS_DIR; };
		A1B301F728ABCD3C008863E9 /* SampleApp.swift */ = {isa = PBXFileReference; lastKnownFileType = sourcecode.swift; path = SampleApp.swift; sourceTree = "<group>"; };
		A1B301F928ABCD3C008863E9 /* ContentView.swift */ = {isa = PBXFileReference; lastKnownFileType = sourcecode.swift; path = ContentView.swift; sourceTree = "<group>"; };
		A1B301FB28ABCD3D008863E9 /* Assets.xcassets */ = {isa = PBXFileReference; lastKnownFileType = folder.assetcatalog; path = Assets.xcassets; sourceTree = "<group>"; };
		A1B301FE28ABCD3D008863E9 /* Preview Assets.xcassets */ = {isa = PBXFileReference; lastKnownFileType = folder.assetcatalog; path = "Preview Assets.xcassets"; sourceTree = "<group>"; };
		A1B3022328ABCFB9008863E9 /* SampleApp.entitlements */ = {isa = PBXFileReference; lastKnownFileType = text.plist.entitlements; path = SampleApp.entitlements; sourceTree = "<group>"; };
		A1B3022428ABD35F008863E9 /* Info.plist */ = {isa = PBXFileReference; lastKnownFileType = text.plist; path = Info.plist; sourceTree = "<group>"; };
		A1B3022C28ACDB4C008863E9 /* Credentials.swift */ = {isa = PBXFileReference; lastKnownFileType = sourcecode.swift; path = Credentials.swift; sourceTree = "<group>"; };
		A1B3023A28AD03E8008863E9 /* DeviceInformation.swift */ = {isa = PBXFileReference; lastKnownFileType = sourcecode.swift; path = DeviceInformation.swift; sourceTree = "<group>"; };
		B70C772B2B8DF3EF006CD2D7 /* SampleApp-objc.entitlements */ = {isa = PBXFileReference; fileEncoding = 4; lastKnownFileType = text.plist.entitlements; path = "SampleApp-objc.entitlements"; sourceTree = "<group>"; };
		B793E7F42B90DDAB001FA525 /* MyCustomAnimations.swift */ = {isa = PBXFileReference; lastKnownFileType = sourcecode.swift; path = MyCustomAnimations.swift; sourceTree = "<group>"; };
		B7AA3A322B8CBCA4002255DE /* SampleApp-objc.app */ = {isa = PBXFileReference; explicitFileType = wrapper.application; includeInIndex = 0; path = "SampleApp-objc.app"; sourceTree = BUILT_PRODUCTS_DIR; };
		B7AA3A342B8CBCA4002255DE /* AppDelegate.h */ = {isa = PBXFileReference; lastKnownFileType = sourcecode.c.h; path = AppDelegate.h; sourceTree = "<group>"; };
		B7AA3A352B8CBCA4002255DE /* AppDelegate.m */ = {isa = PBXFileReference; lastKnownFileType = sourcecode.c.objc; path = AppDelegate.m; sourceTree = "<group>"; };
		B7AA3A372B8CBCA4002255DE /* SceneDelegate.h */ = {isa = PBXFileReference; lastKnownFileType = sourcecode.c.h; path = SceneDelegate.h; sourceTree = "<group>"; };
		B7AA3A382B8CBCA4002255DE /* SceneDelegate.m */ = {isa = PBXFileReference; lastKnownFileType = sourcecode.c.objc; path = SceneDelegate.m; sourceTree = "<group>"; };
		B7AA3A3A2B8CBCA4002255DE /* ViewController.h */ = {isa = PBXFileReference; lastKnownFileType = sourcecode.c.h; path = ViewController.h; sourceTree = "<group>"; };
		B7AA3A3B2B8CBCA4002255DE /* ViewController.m */ = {isa = PBXFileReference; lastKnownFileType = sourcecode.c.objc; path = ViewController.m; sourceTree = "<group>"; };
		B7AA3A3E2B8CBCA4002255DE /* Base */ = {isa = PBXFileReference; lastKnownFileType = file.storyboard; name = Base; path = Base.lproj/Main.storyboard; sourceTree = "<group>"; };
		B7AA3A412B8CBCA4002255DE /* SampleApp_objc.xcdatamodel */ = {isa = PBXFileReference; lastKnownFileType = wrapper.xcdatamodel; path = SampleApp_objc.xcdatamodel; sourceTree = "<group>"; };
		B7AA3A432B8CBCA5002255DE /* Assets.xcassets */ = {isa = PBXFileReference; lastKnownFileType = folder.assetcatalog; path = Assets.xcassets; sourceTree = "<group>"; };
		B7AA3A462B8CBCA5002255DE /* Base */ = {isa = PBXFileReference; lastKnownFileType = file.storyboard; name = Base; path = Base.lproj/LaunchScreen.storyboard; sourceTree = "<group>"; };
		B7AA3A482B8CBCA5002255DE /* Info.plist */ = {isa = PBXFileReference; lastKnownFileType = text.plist.xml; path = Info.plist; sourceTree = "<group>"; };
		B7AA3A492B8CBCA5002255DE /* main.m */ = {isa = PBXFileReference; lastKnownFileType = sourcecode.c.objc; path = main.m; sourceTree = "<group>"; };
		B7FFB1362A1E5FD7003033C2 /* IdVerificationContainerView.swift */ = {isa = PBXFileReference; lastKnownFileType = sourcecode.swift; path = IdVerificationContainerView.swift; sourceTree = "<group>"; };
		B98AFA183DA2A96F92CAD792 /* Pods-SampleApp-swift.release.xcconfig */ = {isa = PBXFileReference; includeInIndex = 1; lastKnownFileType = text.xcconfig; name = "Pods-SampleApp-swift.release.xcconfig"; path = "Target Support Files/Pods-SampleApp-swift/Pods-SampleApp-swift.release.xcconfig"; sourceTree = "<group>"; };
		BC7C8D437D4CF0B369122683 /* Pods_SampleApp_swift.framework */ = {isa = PBXFileReference; explicitFileType = wrapper.framework; includeInIndex = 0; path = Pods_SampleApp_swift.framework; sourceTree = BUILT_PRODUCTS_DIR; };
		DB01B5F6683C882474945B58 /* Pods-SampleApp-objc.release.xcconfig */ = {isa = PBXFileReference; includeInIndex = 1; lastKnownFileType = text.xcconfig; name = "Pods-SampleApp-objc.release.xcconfig"; path = "Target Support Files/Pods-SampleApp-objc/Pods-SampleApp-objc.release.xcconfig"; sourceTree = "<group>"; };
		FB2396392937912000118820 /* TokenHandler.swift */ = {isa = PBXFileReference; lastKnownFileType = sourcecode.swift; path = TokenHandler.swift; sourceTree = "<group>"; };
		FBEE0EDC2947C5A900A91F6E /* Credentials.m */ = {isa = PBXFileReference; lastKnownFileType = sourcecode.c.objc; path = Credentials.m; sourceTree = "<group>"; };
		FBEE0EDE2947C5B100A91F6E /* Credentials.h */ = {isa = PBXFileReference; lastKnownFileType = sourcecode.c.h; path = Credentials.h; sourceTree = "<group>"; };
		FBEE0EDF2947C5BD00A91F6E /* DeviceInformation.m */ = {isa = PBXFileReference; lastKnownFileType = sourcecode.c.objc; path = DeviceInformation.m; sourceTree = "<group>"; };
		FBEE0EE12947C5C400A91F6E /* DeviceInformation.h */ = {isa = PBXFileReference; lastKnownFileType = sourcecode.c.h; path = DeviceInformation.h; sourceTree = "<group>"; };
		FBF70289294676C300DD30CA /* TokenHandler.m */ = {isa = PBXFileReference; lastKnownFileType = sourcecode.c.objc; path = TokenHandler.m; sourceTree = "<group>"; };
		FBF7028B294676DC00DD30CA /* TokenHandler.h */ = {isa = PBXFileReference; lastKnownFileType = sourcecode.c.h; path = TokenHandler.h; sourceTree = "<group>"; };
/* End PBXFileReference section */

/* Begin PBXFrameworksBuildPhase section */
		A1B301F128ABCD3C008863E9 /* Frameworks */ = {
			isa = PBXFrameworksBuildPhase;
			buildActionMask = 2147483647;
			files = (
				11C72CCEAD94C269EC55D2E3 /* Pods_SampleApp_swift.framework in Frameworks */,
			);
			runOnlyForDeploymentPostprocessing = 0;
		};
		B7AA3A2F2B8CBCA4002255DE /* Frameworks */ = {
			isa = PBXFrameworksBuildPhase;
			buildActionMask = 2147483647;
			files = (
				B8A534D7B40AF6E2EF89BF42 /* Pods_SampleApp_objc.framework in Frameworks */,
			);
			runOnlyForDeploymentPostprocessing = 0;
		};
/* End PBXFrameworksBuildPhase section */

/* Begin PBXGroup section */
		2A4559127A14626CAE195826 /* Pods */ = {
			isa = PBXGroup;
			children = (
				0053137DDB7B484761522946 /* Pods-SampleApp-swift.debug.xcconfig */,
				B98AFA183DA2A96F92CAD792 /* Pods-SampleApp-swift.release.xcconfig */,
				67A1063E733E7A21D8715AE7 /* Pods-SampleApp-objc.debug.xcconfig */,
				DB01B5F6683C882474945B58 /* Pods-SampleApp-objc.release.xcconfig */,
			);
			path = Pods;
			sourceTree = "<group>";
		};
		5379BD6FDF7FAED0D980B963 /* Frameworks */ = {
			isa = PBXGroup;
			children = (
				BC7C8D437D4CF0B369122683 /* Pods_SampleApp_swift.framework */,
				2C294D1A8A3B305CD08511B8 /* Pods_SampleApp_objc.framework */,
			);
			name = Frameworks;
			sourceTree = "<group>";
		};
		A1B301EB28ABCD3C008863E9 = {
			isa = PBXGroup;
			children = (
				A1B301F628ABCD3C008863E9 /* SampleApp-swift */,
				B7AA3A332B8CBCA4002255DE /* SampleApp-objc */,
				A1B301F528ABCD3C008863E9 /* Products */,
				2A4559127A14626CAE195826 /* Pods */,
				5379BD6FDF7FAED0D980B963 /* Frameworks */,
			);
			sourceTree = "<group>";
		};
		A1B301F528ABCD3C008863E9 /* Products */ = {
			isa = PBXGroup;
			children = (
				A1B301F428ABCD3C008863E9 /* SampleApp-swift.app */,
				B7AA3A322B8CBCA4002255DE /* SampleApp-objc.app */,
			);
			name = Products;
			sourceTree = "<group>";
		};
		A1B301F628ABCD3C008863E9 /* SampleApp-swift */ = {
			isa = PBXGroup;
			children = (
				A1B3022E28ACE67B008863E9 /* BackendCommunication */,
				A1B3022428ABD35F008863E9 /* Info.plist */,
				A1B3022328ABCFB9008863E9 /* SampleApp.entitlements */,
				A1B301F728ABCD3C008863E9 /* SampleApp.swift */,
				A1B301F928ABCD3C008863E9 /* ContentView.swift */,
				B7FFB1362A1E5FD7003033C2 /* IdVerificationContainerView.swift */,
				A1B301FB28ABCD3D008863E9 /* Assets.xcassets */,
				A1B301FD28ABCD3D008863E9 /* Preview Content */,
			);
			path = "SampleApp-swift";
			sourceTree = "<group>";
		};
		A1B301FD28ABCD3D008863E9 /* Preview Content */ = {
			isa = PBXGroup;
			children = (
				A1B301FE28ABCD3D008863E9 /* Preview Assets.xcassets */,
			);
			path = "Preview Content";
			sourceTree = "<group>";
		};
		A1B3022E28ACE67B008863E9 /* BackendCommunication */ = {
			isa = PBXGroup;
			children = (
				A1B3022C28ACDB4C008863E9 /* Credentials.swift */,
				A1B3023A28AD03E8008863E9 /* DeviceInformation.swift */,
				FB2396392937912000118820 /* TokenHandler.swift */,
			);
			path = BackendCommunication;
			sourceTree = "<group>";
		};
		B7AA3A332B8CBCA4002255DE /* SampleApp-objc */ = {
			isa = PBXGroup;
			children = (
				B7AA3A522B8CCA89002255DE /* application */,
				B7AA3A512B8CBD40002255DE /* viewControllers */,
				FBF70288294674DF00DD30CA /* backendCommunication */,
				B7AA3A3D2B8CBCA4002255DE /* Main.storyboard */,
				B7AA3A432B8CBCA5002255DE /* Assets.xcassets */,
				B7AA3A482B8CBCA5002255DE /* Info.plist */,
				B7AA3A452B8CBCA5002255DE /* LaunchScreen.storyboard */,
				B7AA3A492B8CBCA5002255DE /* main.m */,
				B7AA3A402B8CBCA4002255DE /* SampleApp_objc.xcdatamodeld */,
			);
			path = "SampleApp-objc";
			sourceTree = "<group>";
		};
		B7AA3A512B8CBD40002255DE /* viewControllers */ = {
			isa = PBXGroup;
			children = (
				B7AA3A3B2B8CBCA4002255DE /* ViewController.m */,
				B7AA3A3A2B8CBCA4002255DE /* ViewController.h */,
				B793E7F42B90DDAB001FA525 /* MyCustomAnimations.swift */,
			);
			path = viewControllers;
			sourceTree = "<group>";
		};
		B7AA3A522B8CCA89002255DE /* application */ = {
			isa = PBXGroup;
			children = (
				B7AA3A352B8CBCA4002255DE /* AppDelegate.m */,
				B7AA3A342B8CBCA4002255DE /* AppDelegate.h */,
				B7AA3A372B8CBCA4002255DE /* SceneDelegate.h */,
				B7AA3A382B8CBCA4002255DE /* SceneDelegate.m */,
				B70C772B2B8DF3EF006CD2D7 /* SampleApp-objc.entitlements */,
			);
			path = application;
			sourceTree = "<group>";
		};
		FBF70288294674DF00DD30CA /* backendCommunication */ = {
			isa = PBXGroup;
			children = (
				FBEE0EDE2947C5B100A91F6E /* Credentials.h */,
				FBEE0EDC2947C5A900A91F6E /* Credentials.m */,
				FBEE0EE12947C5C400A91F6E /* DeviceInformation.h */,
				FBEE0EDF2947C5BD00A91F6E /* DeviceInformation.m */,
				FBF7028B294676DC00DD30CA /* TokenHandler.h */,
				FBF70289294676C300DD30CA /* TokenHandler.m */,
			);
			path = backendCommunication;
			sourceTree = "<group>";
		};
/* End PBXGroup section */

/* Begin PBXNativeTarget section */
		A1B301F328ABCD3C008863E9 /* SampleApp-swift */ = {
			isa = PBXNativeTarget;
			buildConfigurationList = A1B3021828ABCD3D008863E9 /* Build configuration list for PBXNativeTarget "SampleApp-swift" */;
			buildPhases = (
				9808CFF8B989037CD284EC58 /* [CP] Check Pods Manifest.lock */,
				A1B301F028ABCD3C008863E9 /* Sources */,
				A1B301F128ABCD3C008863E9 /* Frameworks */,
				A1B301F228ABCD3C008863E9 /* Resources */,
				259E27BEC2CCA2C57C77F436 /* [CP] Embed Pods Frameworks */,
			);
			buildRules = (
				A1B3023728ACEA30008863E9 /* PBXBuildRule */,
			);
			dependencies = (
			);
			name = "SampleApp-swift";
			productName = SampleApp;
			productReference = A1B301F428ABCD3C008863E9 /* SampleApp-swift.app */;
			productType = "com.apple.product-type.application";
		};
		B7AA3A312B8CBCA4002255DE /* SampleApp-objc */ = {
			isa = PBXNativeTarget;
			buildConfigurationList = B7AA3A4B2B8CBCA5002255DE /* Build configuration list for PBXNativeTarget "SampleApp-objc" */;
			buildPhases = (
				1B25EEF8DC9B3809751A52F2 /* [CP] Check Pods Manifest.lock */,
				B7AA3A2E2B8CBCA4002255DE /* Sources */,
				B7AA3A2F2B8CBCA4002255DE /* Frameworks */,
				B7AA3A302B8CBCA4002255DE /* Resources */,
				FCF0B9E86EAD96251BE29063 /* [CP] Embed Pods Frameworks */,
			);
			buildRules = (
			);
			dependencies = (
			);
			name = "SampleApp-objc";
			productName = "SampleApp-objc";
			productReference = B7AA3A322B8CBCA4002255DE /* SampleApp-objc.app */;
			productType = "com.apple.product-type.application";
		};
/* End PBXNativeTarget section */

/* Begin PBXProject section */
		A1B301EC28ABCD3C008863E9 /* Project object */ = {
			isa = PBXProject;
			attributes = {
				BuildIndependentTargetsInParallel = 1;
				LastSwiftUpdateCheck = 1340;
				LastUpgradeCheck = 1340;
				TargetAttributes = {
					A1B301F328ABCD3C008863E9 = {
						CreatedOnToolsVersion = 13.4.1;
					};
					B7AA3A312B8CBCA4002255DE = {
						CreatedOnToolsVersion = 15.0.1;
						LastSwiftMigration = 1500;
					};
				};
			};
			buildConfigurationList = A1B301EF28ABCD3C008863E9 /* Build configuration list for PBXProject "SampleApp" */;
			compatibilityVersion = "Xcode 13.0";
			developmentRegion = en;
			hasScannedForEncodings = 0;
			knownRegions = (
				en,
				Base,
			);
			mainGroup = A1B301EB28ABCD3C008863E9;
			productRefGroup = A1B301F528ABCD3C008863E9 /* Products */;
			projectDirPath = "";
			projectRoot = "";
			targets = (
				A1B301F328ABCD3C008863E9 /* SampleApp-swift */,
				B7AA3A312B8CBCA4002255DE /* SampleApp-objc */,
			);
		};
/* End PBXProject section */

/* Begin PBXResourcesBuildPhase section */
		A1B301F228ABCD3C008863E9 /* Resources */ = {
			isa = PBXResourcesBuildPhase;
			buildActionMask = 2147483647;
			files = (
				A1B301FF28ABCD3D008863E9 /* Preview Assets.xcassets in Resources */,
				A1B301FC28ABCD3D008863E9 /* Assets.xcassets in Resources */,
			);
			runOnlyForDeploymentPostprocessing = 0;
		};
		B7AA3A302B8CBCA4002255DE /* Resources */ = {
			isa = PBXResourcesBuildPhase;
			buildActionMask = 2147483647;
			files = (
				B7AA3A472B8CBCA5002255DE /* LaunchScreen.storyboard in Resources */,
				B7AA3A442B8CBCA5002255DE /* Assets.xcassets in Resources */,
				B7AA3A3F2B8CBCA4002255DE /* Main.storyboard in Resources */,
			);
			runOnlyForDeploymentPostprocessing = 0;
		};
/* End PBXResourcesBuildPhase section */

/* Begin PBXShellScriptBuildPhase section */
		1B25EEF8DC9B3809751A52F2 /* [CP] Check Pods Manifest.lock */ = {
			isa = PBXShellScriptBuildPhase;
			buildActionMask = 2147483647;
			files = (
			);
			inputFileListPaths = (
			);
			inputPaths = (
				"${PODS_PODFILE_DIR_PATH}/Podfile.lock",
				"${PODS_ROOT}/Manifest.lock",
			);
			name = "[CP] Check Pods Manifest.lock";
			outputFileListPaths = (
			);
			outputPaths = (
				"$(DERIVED_FILE_DIR)/Pods-SampleApp-objc-checkManifestLockResult.txt",
			);
			runOnlyForDeploymentPostprocessing = 0;
			shellPath = /bin/sh;
			shellScript = "diff \"${PODS_PODFILE_DIR_PATH}/Podfile.lock\" \"${PODS_ROOT}/Manifest.lock\" > /dev/null\nif [ $? != 0 ] ; then\n    # print error to STDERR\n    echo \"error: The sandbox is not in sync with the Podfile.lock. Run 'pod install' or update your CocoaPods installation.\" >&2\n    exit 1\nfi\n# This output is used by Xcode 'outputs' to avoid re-running this script phase.\necho \"SUCCESS\" > \"${SCRIPT_OUTPUT_FILE_0}\"\n";
			showEnvVarsInLog = 0;
		};
		259E27BEC2CCA2C57C77F436 /* [CP] Embed Pods Frameworks */ = {
			isa = PBXShellScriptBuildPhase;
			buildActionMask = 2147483647;
			files = (
			);
			inputFileListPaths = (
				"${PODS_ROOT}/Target Support Files/Pods-SampleApp-swift/Pods-SampleApp-swift-frameworks-${CONFIGURATION}-input-files.xcfilelist",
			);
			name = "[CP] Embed Pods Frameworks";
			outputFileListPaths = (
				"${PODS_ROOT}/Target Support Files/Pods-SampleApp-swift/Pods-SampleApp-swift-frameworks-${CONFIGURATION}-output-files.xcfilelist",
			);
			runOnlyForDeploymentPostprocessing = 0;
			shellPath = /bin/sh;
			shellScript = "\"${PODS_ROOT}/Target Support Files/Pods-SampleApp-swift/Pods-SampleApp-swift-frameworks.sh\"\n";
			showEnvVarsInLog = 0;
		};
		9808CFF8B989037CD284EC58 /* [CP] Check Pods Manifest.lock */ = {
			isa = PBXShellScriptBuildPhase;
			buildActionMask = 2147483647;
			files = (
			);
			inputFileListPaths = (
			);
			inputPaths = (
				"${PODS_PODFILE_DIR_PATH}/Podfile.lock",
				"${PODS_ROOT}/Manifest.lock",
			);
			name = "[CP] Check Pods Manifest.lock";
			outputFileListPaths = (
			);
			outputPaths = (
				"$(DERIVED_FILE_DIR)/Pods-SampleApp-swift-checkManifestLockResult.txt",
			);
			runOnlyForDeploymentPostprocessing = 0;
			shellPath = /bin/sh;
			shellScript = "diff \"${PODS_PODFILE_DIR_PATH}/Podfile.lock\" \"${PODS_ROOT}/Manifest.lock\" > /dev/null\nif [ $? != 0 ] ; then\n    # print error to STDERR\n    echo \"error: The sandbox is not in sync with the Podfile.lock. Run 'pod install' or update your CocoaPods installation.\" >&2\n    exit 1\nfi\n# This output is used by Xcode 'outputs' to avoid re-running this script phase.\necho \"SUCCESS\" > \"${SCRIPT_OUTPUT_FILE_0}\"\n";
			showEnvVarsInLog = 0;
		};
		FCF0B9E86EAD96251BE29063 /* [CP] Embed Pods Frameworks */ = {
			isa = PBXShellScriptBuildPhase;
			buildActionMask = 2147483647;
			files = (
			);
			inputFileListPaths = (
				"${PODS_ROOT}/Target Support Files/Pods-SampleApp-objc/Pods-SampleApp-objc-frameworks-${CONFIGURATION}-input-files.xcfilelist",
			);
			name = "[CP] Embed Pods Frameworks";
			outputFileListPaths = (
				"${PODS_ROOT}/Target Support Files/Pods-SampleApp-objc/Pods-SampleApp-objc-frameworks-${CONFIGURATION}-output-files.xcfilelist",
			);
			runOnlyForDeploymentPostprocessing = 0;
			shellPath = /bin/sh;
			shellScript = "\"${PODS_ROOT}/Target Support Files/Pods-SampleApp-objc/Pods-SampleApp-objc-frameworks.sh\"\n";
			showEnvVarsInLog = 0;
		};
/* End PBXShellScriptBuildPhase section */

/* Begin PBXSourcesBuildPhase section */
		A1B301F028ABCD3C008863E9 /* Sources */ = {
			isa = PBXSourcesBuildPhase;
			buildActionMask = 2147483647;
			files = (
				FB23963A2937912000118820 /* TokenHandler.swift in Sources */,
				B7FFB1372A1E5FD7003033C2 /* IdVerificationContainerView.swift in Sources */,
				A1B301FA28ABCD3C008863E9 /* ContentView.swift in Sources */,
				A1B3023B28AD03E8008863E9 /* DeviceInformation.swift in Sources */,
				A1B301F828ABCD3C008863E9 /* SampleApp.swift in Sources */,
				A1B3022D28ACDB4C008863E9 /* Credentials.swift in Sources */,
			);
			runOnlyForDeploymentPostprocessing = 0;
		};
		B7AA3A2E2B8CBCA4002255DE /* Sources */ = {
			isa = PBXSourcesBuildPhase;
			buildActionMask = 2147483647;
			files = (
				B7AA3A4E2B8CBD25002255DE /* Credentials.m in Sources */,
				B7AA3A4F2B8CBD25002255DE /* DeviceInformation.m in Sources */,
				B793E7F52B90DDAB001FA525 /* MyCustomAnimations.swift in Sources */,
				B7AA3A502B8CBD25002255DE /* TokenHandler.m in Sources */,
				B7AA3A4A2B8CBCA5002255DE /* main.m in Sources */,
				B7AA3A3C2B8CBCA4002255DE /* ViewController.m in Sources */,
				B7AA3A362B8CBCA4002255DE /* AppDelegate.m in Sources */,
				B7AA3A392B8CBCA4002255DE /* SceneDelegate.m in Sources */,
				B7AA3A422B8CBCA4002255DE /* SampleApp_objc.xcdatamodeld in Sources */,
			);
			runOnlyForDeploymentPostprocessing = 0;
		};
/* End PBXSourcesBuildPhase section */

/* Begin PBXVariantGroup section */
		B7AA3A3D2B8CBCA4002255DE /* Main.storyboard */ = {
			isa = PBXVariantGroup;
			children = (
				B7AA3A3E2B8CBCA4002255DE /* Base */,
			);
			name = Main.storyboard;
			sourceTree = "<group>";
		};
		B7AA3A452B8CBCA5002255DE /* LaunchScreen.storyboard */ = {
			isa = PBXVariantGroup;
			children = (
				B7AA3A462B8CBCA5002255DE /* Base */,
			);
			name = LaunchScreen.storyboard;
			sourceTree = "<group>";
		};
/* End PBXVariantGroup section */

/* Begin XCBuildConfiguration section */
		A1B3021628ABCD3D008863E9 /* Debug */ = {
			isa = XCBuildConfiguration;
			buildSettings = {
				ALWAYS_SEARCH_USER_PATHS = NO;
				CLANG_ANALYZER_NONNULL = YES;
				CLANG_ANALYZER_NUMBER_OBJECT_CONVERSION = YES_AGGRESSIVE;
				CLANG_CXX_LANGUAGE_STANDARD = "gnu++17";
				CLANG_ENABLE_MODULES = YES;
				CLANG_ENABLE_OBJC_ARC = YES;
				CLANG_ENABLE_OBJC_WEAK = YES;
				CLANG_WARN_BLOCK_CAPTURE_AUTORELEASING = YES;
				CLANG_WARN_BOOL_CONVERSION = YES;
				CLANG_WARN_COMMA = YES;
				CLANG_WARN_CONSTANT_CONVERSION = YES;
				CLANG_WARN_DEPRECATED_OBJC_IMPLEMENTATIONS = YES;
				CLANG_WARN_DIRECT_OBJC_ISA_USAGE = YES_ERROR;
				CLANG_WARN_DOCUMENTATION_COMMENTS = YES;
				CLANG_WARN_EMPTY_BODY = YES;
				CLANG_WARN_ENUM_CONVERSION = YES;
				CLANG_WARN_INFINITE_RECURSION = YES;
				CLANG_WARN_INT_CONVERSION = YES;
				CLANG_WARN_NON_LITERAL_NULL_CONVERSION = YES;
				CLANG_WARN_OBJC_IMPLICIT_RETAIN_SELF = YES;
				CLANG_WARN_OBJC_LITERAL_CONVERSION = YES;
				CLANG_WARN_OBJC_ROOT_CLASS = YES_ERROR;
				CLANG_WARN_QUOTED_INCLUDE_IN_FRAMEWORK_HEADER = YES;
				CLANG_WARN_RANGE_LOOP_ANALYSIS = YES;
				CLANG_WARN_STRICT_PROTOTYPES = YES;
				CLANG_WARN_SUSPICIOUS_MOVE = YES;
				CLANG_WARN_UNGUARDED_AVAILABILITY = YES_AGGRESSIVE;
				CLANG_WARN_UNREACHABLE_CODE = YES;
				CLANG_WARN__DUPLICATE_METHOD_MATCH = YES;
				COPY_PHASE_STRIP = NO;
				DEBUG_INFORMATION_FORMAT = dwarf;
				ENABLE_STRICT_OBJC_MSGSEND = YES;
				ENABLE_TESTABILITY = YES;
				GCC_C_LANGUAGE_STANDARD = gnu11;
				GCC_DYNAMIC_NO_PIC = NO;
				GCC_NO_COMMON_BLOCKS = YES;
				GCC_OPTIMIZATION_LEVEL = 0;
				GCC_PREPROCESSOR_DEFINITIONS = (
					"DEBUG=1",
					"$(inherited)",
				);
				GCC_WARN_64_TO_32_BIT_CONVERSION = YES;
				GCC_WARN_ABOUT_RETURN_TYPE = YES_ERROR;
				GCC_WARN_UNDECLARED_SELECTOR = YES;
				GCC_WARN_UNINITIALIZED_AUTOS = YES_AGGRESSIVE;
				GCC_WARN_UNUSED_FUNCTION = YES;
				GCC_WARN_UNUSED_VARIABLE = YES;
				IPHONEOS_DEPLOYMENT_TARGET = 14.0;
				MTL_ENABLE_DEBUG_INFO = INCLUDE_SOURCE;
				MTL_FAST_MATH = YES;
				ONLY_ACTIVE_ARCH = YES;
				SDKROOT = iphoneos;
				SWIFT_ACTIVE_COMPILATION_CONDITIONS = DEBUG;
				SWIFT_OPTIMIZATION_LEVEL = "-Onone";
			};
			name = Debug;
		};
		A1B3021728ABCD3D008863E9 /* Release */ = {
			isa = XCBuildConfiguration;
			buildSettings = {
				ALWAYS_SEARCH_USER_PATHS = NO;
				CLANG_ANALYZER_NONNULL = YES;
				CLANG_ANALYZER_NUMBER_OBJECT_CONVERSION = YES_AGGRESSIVE;
				CLANG_CXX_LANGUAGE_STANDARD = "gnu++17";
				CLANG_ENABLE_MODULES = YES;
				CLANG_ENABLE_OBJC_ARC = YES;
				CLANG_ENABLE_OBJC_WEAK = YES;
				CLANG_WARN_BLOCK_CAPTURE_AUTORELEASING = YES;
				CLANG_WARN_BOOL_CONVERSION = YES;
				CLANG_WARN_COMMA = YES;
				CLANG_WARN_CONSTANT_CONVERSION = YES;
				CLANG_WARN_DEPRECATED_OBJC_IMPLEMENTATIONS = YES;
				CLANG_WARN_DIRECT_OBJC_ISA_USAGE = YES_ERROR;
				CLANG_WARN_DOCUMENTATION_COMMENTS = YES;
				CLANG_WARN_EMPTY_BODY = YES;
				CLANG_WARN_ENUM_CONVERSION = YES;
				CLANG_WARN_INFINITE_RECURSION = YES;
				CLANG_WARN_INT_CONVERSION = YES;
				CLANG_WARN_NON_LITERAL_NULL_CONVERSION = YES;
				CLANG_WARN_OBJC_IMPLICIT_RETAIN_SELF = YES;
				CLANG_WARN_OBJC_LITERAL_CONVERSION = YES;
				CLANG_WARN_OBJC_ROOT_CLASS = YES_ERROR;
				CLANG_WARN_QUOTED_INCLUDE_IN_FRAMEWORK_HEADER = YES;
				CLANG_WARN_RANGE_LOOP_ANALYSIS = YES;
				CLANG_WARN_STRICT_PROTOTYPES = YES;
				CLANG_WARN_SUSPICIOUS_MOVE = YES;
				CLANG_WARN_UNGUARDED_AVAILABILITY = YES_AGGRESSIVE;
				CLANG_WARN_UNREACHABLE_CODE = YES;
				CLANG_WARN__DUPLICATE_METHOD_MATCH = YES;
				COPY_PHASE_STRIP = NO;
				DEBUG_INFORMATION_FORMAT = "dwarf-with-dsym";
				ENABLE_NS_ASSERTIONS = NO;
				ENABLE_STRICT_OBJC_MSGSEND = YES;
				GCC_C_LANGUAGE_STANDARD = gnu11;
				GCC_NO_COMMON_BLOCKS = YES;
				GCC_WARN_64_TO_32_BIT_CONVERSION = YES;
				GCC_WARN_ABOUT_RETURN_TYPE = YES_ERROR;
				GCC_WARN_UNDECLARED_SELECTOR = YES;
				GCC_WARN_UNINITIALIZED_AUTOS = YES_AGGRESSIVE;
				GCC_WARN_UNUSED_FUNCTION = YES;
				GCC_WARN_UNUSED_VARIABLE = YES;
				IPHONEOS_DEPLOYMENT_TARGET = 14.0;
				MTL_ENABLE_DEBUG_INFO = NO;
				MTL_FAST_MATH = YES;
				SDKROOT = iphoneos;
				SWIFT_COMPILATION_MODE = wholemodule;
				SWIFT_OPTIMIZATION_LEVEL = "-O";
				VALIDATE_PRODUCT = YES;
			};
			name = Release;
		};
		A1B3021928ABCD3D008863E9 /* Debug */ = {
			isa = XCBuildConfiguration;
			baseConfigurationReference = 0053137DDB7B484761522946 /* Pods-SampleApp-swift.debug.xcconfig */;
			buildSettings = {
				ASSETCATALOG_COMPILER_APPICON_NAME = AppIcon;
				ASSETCATALOG_COMPILER_GLOBAL_ACCENT_COLOR_NAME = AccentColor;
				CODE_SIGN_ENTITLEMENTS = "SampleApp-swift/SampleApp.entitlements";
				CODE_SIGN_STYLE = Automatic;
				CURRENT_PROJECT_VERSION = 1;
				DEVELOPMENT_ASSET_PATHS = "\"SampleApp-swift/Preview Content\"";
				DEVELOPMENT_TEAM = 63PHGT3AA5;
				ENABLE_PREVIEWS = YES;
				GENERATE_INFOPLIST_FILE = YES;
				INFOPLIST_FILE = "SampleApp-swift/Info.plist";
				INFOPLIST_KEY_NFCReaderUsageDescription = "Is used to scan NFC enabled ID Documents";
				INFOPLIST_KEY_NSCameraUsageDescription = "Is used to take pictures of ID Documents";
				INFOPLIST_KEY_UIApplicationSceneManifest_Generation = YES;
				INFOPLIST_KEY_UIApplicationSupportsIndirectInputEvents = YES;
				INFOPLIST_KEY_UILaunchScreen_Generation = YES;
				INFOPLIST_KEY_UISupportedInterfaceOrientations_iPad = "UIInterfaceOrientationPortrait UIInterfaceOrientationPortraitUpsideDown UIInterfaceOrientationLandscapeLeft UIInterfaceOrientationLandscapeRight";
				INFOPLIST_KEY_UISupportedInterfaceOrientations_iPhone = "UIInterfaceOrientationPortrait UIInterfaceOrientationLandscapeLeft UIInterfaceOrientationLandscapeRight";
				INFOPLIST_KEY_UIUserInterfaceStyle = Light;
				LD_RUNPATH_SEARCH_PATHS = (
					"$(inherited)",
					"@executable_path/Frameworks",
				);
				MARKETING_VERSION = 1.0;
				PRODUCT_BUNDLE_IDENTIFIER = "com.365id.idverification.SampleApp-swift";
				PRODUCT_NAME = "$(TARGET_NAME)";
				SWIFT_EMIT_LOC_STRINGS = YES;
				SWIFT_VERSION = 5.0;
				TARGETED_DEVICE_FAMILY = "1,2";
			};
			name = Debug;
		};
		A1B3021A28ABCD3D008863E9 /* Release */ = {
			isa = XCBuildConfiguration;
			baseConfigurationReference = B98AFA183DA2A96F92CAD792 /* Pods-SampleApp-swift.release.xcconfig */;
			buildSettings = {
				ASSETCATALOG_COMPILER_APPICON_NAME = AppIcon;
				ASSETCATALOG_COMPILER_GLOBAL_ACCENT_COLOR_NAME = AccentColor;
				CODE_SIGN_ENTITLEMENTS = "SampleApp-swift/SampleApp.entitlements";
				CODE_SIGN_STYLE = Automatic;
				CURRENT_PROJECT_VERSION = 1;
				DEVELOPMENT_ASSET_PATHS = "\"SampleApp-swift/Preview Content\"";
				DEVELOPMENT_TEAM = 63PHGT3AA5;
				ENABLE_PREVIEWS = YES;
				GENERATE_INFOPLIST_FILE = YES;
				INFOPLIST_FILE = "SampleApp-swift/Info.plist";
				INFOPLIST_KEY_NFCReaderUsageDescription = "Is used to scan NFC enabled ID Documents";
				INFOPLIST_KEY_NSCameraUsageDescription = "Is used to take pictures of ID Documents";
				INFOPLIST_KEY_UIApplicationSceneManifest_Generation = YES;
				INFOPLIST_KEY_UIApplicationSupportsIndirectInputEvents = YES;
				INFOPLIST_KEY_UILaunchScreen_Generation = YES;
				INFOPLIST_KEY_UISupportedInterfaceOrientations_iPad = "UIInterfaceOrientationPortrait UIInterfaceOrientationPortraitUpsideDown UIInterfaceOrientationLandscapeLeft UIInterfaceOrientationLandscapeRight";
				INFOPLIST_KEY_UISupportedInterfaceOrientations_iPhone = "UIInterfaceOrientationPortrait UIInterfaceOrientationLandscapeLeft UIInterfaceOrientationLandscapeRight";
				INFOPLIST_KEY_UIUserInterfaceStyle = Light;
				LD_RUNPATH_SEARCH_PATHS = (
					"$(inherited)",
					"@executable_path/Frameworks",
				);
				MARKETING_VERSION = 1.0;
				PRODUCT_BUNDLE_IDENTIFIER = "com.365id.idverification.SampleApp-swift";
				PRODUCT_NAME = "$(TARGET_NAME)";
				SWIFT_EMIT_LOC_STRINGS = YES;
				SWIFT_VERSION = 5.0;
				TARGETED_DEVICE_FAMILY = "1,2";
			};
			name = Release;
		};
		B7AA3A4C2B8CBCA5002255DE /* Debug */ = {
			isa = XCBuildConfiguration;
			baseConfigurationReference = 67A1063E733E7A21D8715AE7 /* Pods-SampleApp-objc.debug.xcconfig */;
			buildSettings = {
				ASSETCATALOG_COMPILER_APPICON_NAME = AppIcon;
				ASSETCATALOG_COMPILER_GENERATE_SWIFT_ASSET_SYMBOL_EXTENSIONS = YES;
				ASSETCATALOG_COMPILER_GLOBAL_ACCENT_COLOR_NAME = AccentColor;
				CLANG_CXX_LANGUAGE_STANDARD = "gnu++20";
				CLANG_ENABLE_MODULES = YES;
				CODE_SIGN_ENTITLEMENTS = "SampleApp-objc/application/SampleApp-objc.entitlements";
				CODE_SIGN_STYLE = Automatic;
				CURRENT_PROJECT_VERSION = 1;
				DEVELOPMENT_TEAM = 63PHGT3AA5;
				ENABLE_USER_SCRIPT_SANDBOXING = NO;
				GCC_C_LANGUAGE_STANDARD = gnu17;
				GENERATE_INFOPLIST_FILE = YES;
				INFOPLIST_FILE = "SampleApp-objc/Info.plist";
				INFOPLIST_KEY_CFBundleDisplayName = "";
				INFOPLIST_KEY_NFCReaderUsageDescription = "Allow access to NFC to read the e-passports.";
				INFOPLIST_KEY_NSCameraUsageDescription = "Allow access to camera to scan ID document.";
				INFOPLIST_KEY_UIApplicationSupportsIndirectInputEvents = YES;
				INFOPLIST_KEY_UILaunchStoryboardName = LaunchScreen;
				INFOPLIST_KEY_UIMainStoryboardFile = Main;
				INFOPLIST_KEY_UISupportedInterfaceOrientations_iPad = "UIInterfaceOrientationPortrait UIInterfaceOrientationPortraitUpsideDown UIInterfaceOrientationLandscapeLeft UIInterfaceOrientationLandscapeRight";
				INFOPLIST_KEY_UISupportedInterfaceOrientations_iPhone = "UIInterfaceOrientationPortrait UIInterfaceOrientationLandscapeLeft UIInterfaceOrientationLandscapeRight";
				INFOPLIST_KEY_UIUserInterfaceStyle = Light;
				IPHONEOS_DEPLOYMENT_TARGET = 14.0;
				LD_RUNPATH_SEARCH_PATHS = (
					"$(inherited)",
					"@executable_path/Frameworks",
				);
				LOCALIZATION_PREFERS_STRING_CATALOGS = YES;
				MARKETING_VERSION = 1.0;
				PRODUCT_BUNDLE_IDENTIFIER = "com.365id.idverification.SampleApp-objc";
				PRODUCT_NAME = "$(TARGET_NAME)";
				SWIFT_EMIT_LOC_STRINGS = YES;
				SWIFT_OPTIMIZATION_LEVEL = "-Onone";
				SWIFT_VERSION = 5.0;
				TARGETED_DEVICE_FAMILY = "1,2";
			};
			name = Debug;
		};
		B7AA3A4D2B8CBCA5002255DE /* Release */ = {
			isa = XCBuildConfiguration;
			baseConfigurationReference = DB01B5F6683C882474945B58 /* Pods-SampleApp-objc.release.xcconfig */;
			buildSettings = {
				ASSETCATALOG_COMPILER_APPICON_NAME = AppIcon;
				ASSETCATALOG_COMPILER_GENERATE_SWIFT_ASSET_SYMBOL_EXTENSIONS = YES;
				ASSETCATALOG_COMPILER_GLOBAL_ACCENT_COLOR_NAME = AccentColor;
				CLANG_CXX_LANGUAGE_STANDARD = "gnu++20";
				CLANG_ENABLE_MODULES = YES;
				CODE_SIGN_ENTITLEMENTS = "SampleApp-objc/application/SampleApp-objc.entitlements";
				CODE_SIGN_STYLE = Automatic;
				CURRENT_PROJECT_VERSION = 1;
				DEVELOPMENT_TEAM = 63PHGT3AA5;
				ENABLE_USER_SCRIPT_SANDBOXING = NO;
				GCC_C_LANGUAGE_STANDARD = gnu17;
				GENERATE_INFOPLIST_FILE = YES;
				INFOPLIST_FILE = "SampleApp-objc/Info.plist";
				INFOPLIST_KEY_CFBundleDisplayName = "";
				INFOPLIST_KEY_NFCReaderUsageDescription = "Allow access to NFC to read the e-passports.";
				INFOPLIST_KEY_NSCameraUsageDescription = "Allow access to camera to scan ID document.";
				INFOPLIST_KEY_UIApplicationSupportsIndirectInputEvents = YES;
				INFOPLIST_KEY_UILaunchStoryboardName = LaunchScreen;
				INFOPLIST_KEY_UIMainStoryboardFile = Main;
				INFOPLIST_KEY_UISupportedInterfaceOrientations_iPad = "UIInterfaceOrientationPortrait UIInterfaceOrientationPortraitUpsideDown UIInterfaceOrientationLandscapeLeft UIInterfaceOrientationLandscapeRight";
				INFOPLIST_KEY_UISupportedInterfaceOrientations_iPhone = "UIInterfaceOrientationPortrait UIInterfaceOrientationLandscapeLeft UIInterfaceOrientationLandscapeRight";
				INFOPLIST_KEY_UIUserInterfaceStyle = Light;
				IPHONEOS_DEPLOYMENT_TARGET = 14.0;
				LD_RUNPATH_SEARCH_PATHS = (
					"$(inherited)",
					"@executable_path/Frameworks",
				);
				LOCALIZATION_PREFERS_STRING_CATALOGS = YES;
				MARKETING_VERSION = 1.0;
				PRODUCT_BUNDLE_IDENTIFIER = "com.365id.idverification.SampleApp-objc";
				PRODUCT_NAME = "$(TARGET_NAME)";
				SWIFT_EMIT_LOC_STRINGS = YES;
				SWIFT_VERSION = 5.0;
				TARGETED_DEVICE_FAMILY = "1,2";
			};
			name = Release;
		};
/* End XCBuildConfiguration section */

/* Begin XCConfigurationList section */
		A1B301EF28ABCD3C008863E9 /* Build configuration list for PBXProject "SampleApp" */ = {
			isa = XCConfigurationList;
			buildConfigurations = (
				A1B3021628ABCD3D008863E9 /* Debug */,
				A1B3021728ABCD3D008863E9 /* Release */,
			);
			defaultConfigurationIsVisible = 0;
			defaultConfigurationName = Release;
		};
		A1B3021828ABCD3D008863E9 /* Build configuration list for PBXNativeTarget "SampleApp-swift" */ = {
			isa = XCConfigurationList;
			buildConfigurations = (
				A1B3021928ABCD3D008863E9 /* Debug */,
				A1B3021A28ABCD3D008863E9 /* Release */,
			);
			defaultConfigurationIsVisible = 0;
			defaultConfigurationName = Release;
		};
		B7AA3A4B2B8CBCA5002255DE /* Build configuration list for PBXNativeTarget "SampleApp-objc" */ = {
			isa = XCConfigurationList;
			buildConfigurations = (
				B7AA3A4C2B8CBCA5002255DE /* Debug */,
				B7AA3A4D2B8CBCA5002255DE /* Release */,
			);
			defaultConfigurationIsVisible = 0;
			defaultConfigurationName = Release;
		};
/* End XCConfigurationList section */

/* Begin XCVersionGroup section */
		B7AA3A402B8CBCA4002255DE /* SampleApp_objc.xcdatamodeld */ = {
			isa = XCVersionGroup;
			children = (
				B7AA3A412B8CBCA4002255DE /* SampleApp_objc.xcdatamodel */,
			);
			currentVersion = B7AA3A412B8CBCA4002255DE /* SampleApp_objc.xcdatamodel */;
			path = SampleApp_objc.xcdatamodeld;
			sourceTree = "<group>";
			versionGroupType = wrapper.xcdatamodel;
		};
/* End XCVersionGroup section */
	};
	rootObject = A1B301EC28ABCD3C008863E9 /* Project object */;
}
