// !$*UTF8*$!
{
	archiveVersion = 1;
	classes = {
	};
	objectVersion = 55;
	objects = {

/* Begin PBXBuildFile section */
		11C72CCEAD94C269EC55D2E3 /* Pods_SampleApp_swift.framework in Frameworks */ = {isa = PBXBuildFile; fileRef = BC7C8D437D4CF0B369122683 /* Pods_SampleApp_swift.framework */; };
		A1B301F828ABCD3C008863E9 /* SampleApp.swift in Sources */ = {isa = PBXBuildFile; fileRef = A1B301F728ABCD3C008863E9 /* SampleApp.swift */; };
		A1B301FA28ABCD3C008863E9 /* ContentView.swift in Sources */ = {isa = PBXBuildFile; fileRef = A1B301F928ABCD3C008863E9 /* ContentView.swift */; };
		A1B301FC28ABCD3D008863E9 /* Assets.xcassets in Resources */ = {isa = PBXBuildFile; fileRef = A1B301FB28ABCD3D008863E9 /* Assets.xcassets */; };
		A1B301FF28ABCD3D008863E9 /* Preview Assets.xcassets in Resources */ = {isa = PBXBuildFile; fileRef = A1B301FE28ABCD3D008863E9 /* Preview Assets.xcassets */; };
		A1B3022D28ACDB4C008863E9 /* Credentials.swift in Sources */ = {isa = PBXBuildFile; fileRef = A1B3022C28ACDB4C008863E9 /* Credentials.swift */; };
		A1B3023B28AD03E8008863E9 /* DeviceInformation.swift in Sources */ = {isa = PBXBuildFile; fileRef = A1B3023A28AD03E8008863E9 /* DeviceInformation.swift */; };
		A2AF86221EF732B74397F528 /* Pods_SampleApp_objc.framework in Frameworks */ = {isa = PBXBuildFile; fileRef = EB9C4727543823EA21C00E4B /* Pods_SampleApp_objc.framework */; };
		FB23963A2937912000118820 /* TokenHandler.swift in Sources */ = {isa = PBXBuildFile; fileRef = FB2396392937912000118820 /* TokenHandler.swift */; };
		FBEE0EDD2947C5A900A91F6E /* Credentials.m in Sources */ = {isa = PBXBuildFile; fileRef = FBEE0EDC2947C5A900A91F6E /* Credentials.m */; };
		FBEE0EE02947C5BD00A91F6E /* DeviceInformation.m in Sources */ = {isa = PBXBuildFile; fileRef = FBEE0EDF2947C5BD00A91F6E /* DeviceInformation.m */; };
		FBEE0EE42947F7C700A91F6E /* AppNavigation.m in Sources */ = {isa = PBXBuildFile; fileRef = FBEE0EE32947F7C700A91F6E /* AppNavigation.m */; };
		FBF70270294365DF00DD30CA /* AppDelegate.m in Sources */ = {isa = PBXBuildFile; fileRef = FBF7026F294365DF00DD30CA /* AppDelegate.m */; };
		FBF70276294365DF00DD30CA /* ViewController.m in Sources */ = {isa = PBXBuildFile; fileRef = FBF70275294365DF00DD30CA /* ViewController.m */; };
		FBF7027B294365E000DD30CA /* Assets.xcassets in Resources */ = {isa = PBXBuildFile; fileRef = FBF7027A294365E000DD30CA /* Assets.xcassets */; };
		FBF7027E294365E000DD30CA /* LaunchScreen.storyboard in Resources */ = {isa = PBXBuildFile; fileRef = FBF7027C294365E000DD30CA /* LaunchScreen.storyboard */; };
		FBF7028629436AF600DD30CA /* main.m in Sources */ = {isa = PBXBuildFile; fileRef = FBF7028529436AF500DD30CA /* main.m */; };
		FBF7028A294676C300DD30CA /* TokenHandler.m in Sources */ = {isa = PBXBuildFile; fileRef = FBF70289294676C300DD30CA /* TokenHandler.m */; };
/* End PBXBuildFile section */

/* Begin PBXBuildRule section */
		A1B3023728ACEA30008863E9 /* PBXBuildRule */ = {
			isa = PBXBuildRule;
			compilerSpec = com.apple.compilers.proxy.script;
			fileType = sourcecode.protobuf;
			inputFiles = (
			);
			isEditable = 1;
			outputFiles = (
				"$(DERIVED_FILE_DIR)/$(INPUT_FILE_BASE).grpc.swift",
				"$(DERIVED_FILE_DIR)/$(INPUT_FILE_BASE).pb.swift",
			);
			script = "protoc --proto_path=$INPUT_FILE_DIR --swift_out=$DERIVED_FILE_DIR $INPUT_FILE_PATH\nprotoc --proto_path=$INPUT_FILE_DIR --grpc-swift_out=$DERIVED_FILE_DIR $INPUT_FILE_PATH\n";
		};
/* End PBXBuildRule section */

/* Begin PBXFileReference section */
		0053137DDB7B484761522946 /* Pods-SampleApp-swift.debug.xcconfig */ = {isa = PBXFileReference; includeInIndex = 1; lastKnownFileType = text.xcconfig; name = "Pods-SampleApp-swift.debug.xcconfig"; path = "Target Support Files/Pods-SampleApp-swift/Pods-SampleApp-swift.debug.xcconfig"; sourceTree = "<group>"; };
		4F866595DD9B07450B0B8885 /* Pods-SampleApp-objc.release.xcconfig */ = {isa = PBXFileReference; includeInIndex = 1; lastKnownFileType = text.xcconfig; name = "Pods-SampleApp-objc.release.xcconfig"; path = "Target Support Files/Pods-SampleApp-objc/Pods-SampleApp-objc.release.xcconfig"; sourceTree = "<group>"; };
		A1B301F428ABCD3C008863E9 /* SampleApp-swift.app */ = {isa = PBXFileReference; explicitFileType = wrapper.application; includeInIndex = 0; path = "SampleApp-swift.app"; sourceTree = BUILT_PRODUCTS_DIR; };
		A1B301F728ABCD3C008863E9 /* SampleApp.swift */ = {isa = PBXFileReference; lastKnownFileType = sourcecode.swift; path = SampleApp.swift; sourceTree = "<group>"; };
		A1B301F928ABCD3C008863E9 /* ContentView.swift */ = {isa = PBXFileReference; lastKnownFileType = sourcecode.swift; path = ContentView.swift; sourceTree = "<group>"; };
		A1B301FB28ABCD3D008863E9 /* Assets.xcassets */ = {isa = PBXFileReference; lastKnownFileType = folder.assetcatalog; path = Assets.xcassets; sourceTree = "<group>"; };
		A1B301FE28ABCD3D008863E9 /* Preview Assets.xcassets */ = {isa = PBXFileReference; lastKnownFileType = folder.assetcatalog; path = "Preview Assets.xcassets"; sourceTree = "<group>"; };
		A1B3022328ABCFB9008863E9 /* SampleApp.entitlements */ = {isa = PBXFileReference; lastKnownFileType = text.plist.entitlements; path = SampleApp.entitlements; sourceTree = "<group>"; };
		A1B3022428ABD35F008863E9 /* Info.plist */ = {isa = PBXFileReference; lastKnownFileType = text.plist; path = Info.plist; sourceTree = "<group>"; };
		A1B3022C28ACDB4C008863E9 /* Credentials.swift */ = {isa = PBXFileReference; lastKnownFileType = sourcecode.swift; path = Credentials.swift; sourceTree = "<group>"; };
		A1B3023A28AD03E8008863E9 /* DeviceInformation.swift */ = {isa = PBXFileReference; lastKnownFileType = sourcecode.swift; path = DeviceInformation.swift; sourceTree = "<group>"; };
		B98AFA183DA2A96F92CAD792 /* Pods-SampleApp-swift.release.xcconfig */ = {isa = PBXFileReference; includeInIndex = 1; lastKnownFileType = text.xcconfig; name = "Pods-SampleApp-swift.release.xcconfig"; path = "Target Support Files/Pods-SampleApp-swift/Pods-SampleApp-swift.release.xcconfig"; sourceTree = "<group>"; };
		BC7C8D437D4CF0B369122683 /* Pods_SampleApp_swift.framework */ = {isa = PBXFileReference; explicitFileType = wrapper.framework; includeInIndex = 0; path = Pods_SampleApp_swift.framework; sourceTree = BUILT_PRODUCTS_DIR; };
		E2776330147286ED7A93C3C4 /* Pods-SampleApp-objc.debug.xcconfig */ = {isa = PBXFileReference; includeInIndex = 1; lastKnownFileType = text.xcconfig; name = "Pods-SampleApp-objc.debug.xcconfig"; path = "Target Support Files/Pods-SampleApp-objc/Pods-SampleApp-objc.debug.xcconfig"; sourceTree = "<group>"; };
		EB9C4727543823EA21C00E4B /* Pods_SampleApp_objc.framework */ = {isa = PBXFileReference; explicitFileType = wrapper.framework; includeInIndex = 0; path = Pods_SampleApp_objc.framework; sourceTree = BUILT_PRODUCTS_DIR; };
		FB2396392937912000118820 /* TokenHandler.swift */ = {isa = PBXFileReference; lastKnownFileType = sourcecode.swift; path = TokenHandler.swift; sourceTree = "<group>"; };
		FBEE0EDC2947C5A900A91F6E /* Credentials.m */ = {isa = PBXFileReference; lastKnownFileType = sourcecode.c.objc; path = Credentials.m; sourceTree = "<group>"; };
		FBEE0EDE2947C5B100A91F6E /* Credentials.h */ = {isa = PBXFileReference; lastKnownFileType = sourcecode.c.h; path = Credentials.h; sourceTree = "<group>"; };
		FBEE0EDF2947C5BD00A91F6E /* DeviceInformation.m */ = {isa = PBXFileReference; lastKnownFileType = sourcecode.c.objc; path = DeviceInformation.m; sourceTree = "<group>"; };
		FBEE0EE12947C5C400A91F6E /* DeviceInformation.h */ = {isa = PBXFileReference; lastKnownFileType = sourcecode.c.h; path = DeviceInformation.h; sourceTree = "<group>"; };
		FBEE0EE22947F7BA00A91F6E /* AppNavigation.h */ = {isa = PBXFileReference; lastKnownFileType = sourcecode.c.h; path = AppNavigation.h; sourceTree = "<group>"; };
		FBEE0EE32947F7C700A91F6E /* AppNavigation.m */ = {isa = PBXFileReference; lastKnownFileType = sourcecode.c.objc; path = AppNavigation.m; sourceTree = "<group>"; };
		FBF7026C294365DF00DD30CA /* SampleApp-objc.app */ = {isa = PBXFileReference; explicitFileType = wrapper.application; includeInIndex = 0; path = "SampleApp-objc.app"; sourceTree = BUILT_PRODUCTS_DIR; };
		FBF7026E294365DF00DD30CA /* AppDelegate.h */ = {isa = PBXFileReference; lastKnownFileType = sourcecode.c.h; path = AppDelegate.h; sourceTree = "<group>"; };
		FBF7026F294365DF00DD30CA /* AppDelegate.m */ = {isa = PBXFileReference; lastKnownFileType = sourcecode.c.objc; path = AppDelegate.m; sourceTree = "<group>"; };
		FBF70274294365DF00DD30CA /* ViewController.h */ = {isa = PBXFileReference; lastKnownFileType = sourcecode.c.h; path = ViewController.h; sourceTree = "<group>"; };
		FBF70275294365DF00DD30CA /* ViewController.m */ = {isa = PBXFileReference; lastKnownFileType = sourcecode.c.objc; path = ViewController.m; sourceTree = "<group>"; };
		FBF7027A294365E000DD30CA /* Assets.xcassets */ = {isa = PBXFileReference; lastKnownFileType = folder.assetcatalog; path = Assets.xcassets; sourceTree = "<group>"; };
		FBF7027D294365E000DD30CA /* Base */ = {isa = PBXFileReference; lastKnownFileType = file.storyboard; name = Base; path = Base.lproj/LaunchScreen.storyboard; sourceTree = "<group>"; };
		FBF7027F294365E000DD30CA /* Info.plist */ = {isa = PBXFileReference; lastKnownFileType = text.plist.xml; path = Info.plist; sourceTree = "<group>"; };
		FBF7028529436AF500DD30CA /* main.m */ = {isa = PBXFileReference; fileEncoding = 4; lastKnownFileType = sourcecode.c.objc; path = main.m; sourceTree = "<group>"; };
		FBF70289294676C300DD30CA /* TokenHandler.m */ = {isa = PBXFileReference; lastKnownFileType = sourcecode.c.objc; path = TokenHandler.m; sourceTree = "<group>"; };
		FBF7028B294676DC00DD30CA /* TokenHandler.h */ = {isa = PBXFileReference; lastKnownFileType = sourcecode.c.h; path = TokenHandler.h; sourceTree = "<group>"; };
		FBF7028C29476CDB00DD30CA /* SampleApp-objc.entitlements */ = {isa = PBXFileReference; lastKnownFileType = text.plist.entitlements; path = "SampleApp-objc.entitlements"; sourceTree = "<group>"; };
/* End PBXFileReference section */

/* Begin PBXFrameworksBuildPhase section */
		A1B301F128ABCD3C008863E9 /* Frameworks */ = {
			isa = PBXFrameworksBuildPhase;
			buildActionMask = 2147483647;
			files = (
				11C72CCEAD94C269EC55D2E3 /* Pods_SampleApp_swift.framework in Frameworks */,
			);
			runOnlyForDeploymentPostprocessing = 0;
		};
		FBF70269294365DF00DD30CA /* Frameworks */ = {
			isa = PBXFrameworksBuildPhase;
			buildActionMask = 2147483647;
			files = (
				A2AF86221EF732B74397F528 /* Pods_SampleApp_objc.framework in Frameworks */,
			);
			runOnlyForDeploymentPostprocessing = 0;
		};
/* End PBXFrameworksBuildPhase section */

/* Begin PBXGroup section */
		2A4559127A14626CAE195826 /* Pods */ = {
			isa = PBXGroup;
			children = (
				0053137DDB7B484761522946 /* Pods-SampleApp-swift.debug.xcconfig */,
				B98AFA183DA2A96F92CAD792 /* Pods-SampleApp-swift.release.xcconfig */,
				E2776330147286ED7A93C3C4 /* Pods-SampleApp-objc.debug.xcconfig */,
				4F866595DD9B07450B0B8885 /* Pods-SampleApp-objc.release.xcconfig */,
			);
			path = Pods;
			sourceTree = "<group>";
		};
		5379BD6FDF7FAED0D980B963 /* Frameworks */ = {
			isa = PBXGroup;
			children = (
				BC7C8D437D4CF0B369122683 /* Pods_SampleApp_swift.framework */,
				EB9C4727543823EA21C00E4B /* Pods_SampleApp_objc.framework */,
			);
			name = Frameworks;
			sourceTree = "<group>";
		};
		A1B301EB28ABCD3C008863E9 = {
			isa = PBXGroup;
			children = (
				A1B301F628ABCD3C008863E9 /* SampleApp-swift */,
				FBF7026D294365DF00DD30CA /* SampleApp-objc */,
				A1B301F528ABCD3C008863E9 /* Products */,
				2A4559127A14626CAE195826 /* Pods */,
				5379BD6FDF7FAED0D980B963 /* Frameworks */,
			);
			sourceTree = "<group>";
		};
		A1B301F528ABCD3C008863E9 /* Products */ = {
			isa = PBXGroup;
			children = (
				A1B301F428ABCD3C008863E9 /* SampleApp-swift.app */,
				FBF7026C294365DF00DD30CA /* SampleApp-objc.app */,
			);
			name = Products;
			sourceTree = "<group>";
		};
		A1B301F628ABCD3C008863E9 /* SampleApp-swift */ = {
			isa = PBXGroup;
			children = (
				A1B3022E28ACE67B008863E9 /* BackendCommunication */,
				A1B3022428ABD35F008863E9 /* Info.plist */,
				A1B3022328ABCFB9008863E9 /* SampleApp.entitlements */,
				A1B301F728ABCD3C008863E9 /* SampleApp.swift */,
				A1B301F928ABCD3C008863E9 /* ContentView.swift */,
				A1B301FB28ABCD3D008863E9 /* Assets.xcassets */,
				A1B301FD28ABCD3D008863E9 /* Preview Content */,
			);
			path = "SampleApp-swift";
			sourceTree = "<group>";
		};
		A1B301FD28ABCD3D008863E9 /* Preview Content */ = {
			isa = PBXGroup;
			children = (
				A1B301FE28ABCD3D008863E9 /* Preview Assets.xcassets */,
			);
			path = "Preview Content";
			sourceTree = "<group>";
		};
		A1B3022E28ACE67B008863E9 /* BackendCommunication */ = {
			isa = PBXGroup;
			children = (
				A1B3022C28ACDB4C008863E9 /* Credentials.swift */,
				A1B3023A28AD03E8008863E9 /* DeviceInformation.swift */,
				FB2396392937912000118820 /* TokenHandler.swift */,
			);
			path = BackendCommunication;
			sourceTree = "<group>";
		};
		FBF7026D294365DF00DD30CA /* SampleApp-objc */ = {
			isa = PBXGroup;
			children = (
				FBF7028729436B1200DD30CA /* application */,
				FBF70288294674DF00DD30CA /* backendCommunication */,
				FBF7028D29476E4100DD30CA /* viewControllers */,
			);
			path = "SampleApp-objc";
			sourceTree = "<group>";
		};
		FBF7028729436B1200DD30CA /* application */ = {
			isa = PBXGroup;
			children = (
				FBF7028C29476CDB00DD30CA /* SampleApp-objc.entitlements */,
				FBF7028529436AF500DD30CA /* main.m */,
				FBF7026E294365DF00DD30CA /* AppDelegate.h */,
				FBF7026F294365DF00DD30CA /* AppDelegate.m */,
				FBEE0EE22947F7BA00A91F6E /* AppNavigation.h */,
				FBEE0EE32947F7C700A91F6E /* AppNavigation.m */,
				FBF7027A294365E000DD30CA /* Assets.xcassets */,
				FBF7027C294365E000DD30CA /* LaunchScreen.storyboard */,
				FBF7027F294365E000DD30CA /* Info.plist */,
			);
			path = application;
			sourceTree = "<group>";
		};
		FBF70288294674DF00DD30CA /* backendCommunication */ = {
			isa = PBXGroup;
			children = (
				FBEE0EDE2947C5B100A91F6E /* Credentials.h */,
				FBEE0EDC2947C5A900A91F6E /* Credentials.m */,
				FBEE0EE12947C5C400A91F6E /* DeviceInformation.h */,
				FBEE0EDF2947C5BD00A91F6E /* DeviceInformation.m */,
				FBF7028B294676DC00DD30CA /* TokenHandler.h */,
				FBF70289294676C300DD30CA /* TokenHandler.m */,
			);
			path = backendCommunication;
			sourceTree = "<group>";
		};
		FBF7028D29476E4100DD30CA /* viewControllers */ = {
			isa = PBXGroup;
			children = (
				FBF70274294365DF00DD30CA /* ViewController.h */,
				FBF70275294365DF00DD30CA /* ViewController.m */,
			);
			path = viewControllers;
			sourceTree = "<group>";
		};
/* End PBXGroup section */

/* Begin PBXNativeTarget section */
		A1B301F328ABCD3C008863E9 /* SampleApp-swift */ = {
			isa = PBXNativeTarget;
			buildConfigurationList = A1B3021828ABCD3D008863E9 /* Build configuration list for PBXNativeTarget "SampleApp-swift" */;
			buildPhases = (
				9808CFF8B989037CD284EC58 /* [CP] Check Pods Manifest.lock */,
				A1B301F028ABCD3C008863E9 /* Sources */,
				A1B301F128ABCD3C008863E9 /* Frameworks */,
				A1B301F228ABCD3C008863E9 /* Resources */,
				4AC8B70D71CE4D3FA182DB06 /* [CP] Embed Pods Frameworks */,
			);
			buildRules = (
				A1B3023728ACEA30008863E9 /* PBXBuildRule */,
			);
			dependencies = (
			);
			name = "SampleApp-swift";
			productName = SampleApp;
			productReference = A1B301F428ABCD3C008863E9 /* SampleApp-swift.app */;
			productType = "com.apple.product-type.application";
		};
		FBF7026B294365DF00DD30CA /* SampleApp-objc */ = {
			isa = PBXNativeTarget;
			buildConfigurationList = FBF70282294365E000DD30CA /* Build configuration list for PBXNativeTarget "SampleApp-objc" */;
			buildPhases = (
				49CC27DA03C2CF08E7050B19 /* [CP] Check Pods Manifest.lock */,
				FBF70268294365DF00DD30CA /* Sources */,
				FBF70269294365DF00DD30CA /* Frameworks */,
				FBF7026A294365DF00DD30CA /* Resources */,
				31C90C282C90CFB4EEC7F655 /* [CP] Embed Pods Frameworks */,
			);
			buildRules = (
			);
			dependencies = (
			);
			name = "SampleApp-objc";
			productName = "SampleApp-objc";
			productReference = FBF7026C294365DF00DD30CA /* SampleApp-objc.app */;
			productType = "com.apple.product-type.application";
		};
/* End PBXNativeTarget section */

/* Begin PBXProject section */
		A1B301EC28ABCD3C008863E9 /* Project object */ = {
			isa = PBXProject;
			attributes = {
				BuildIndependentTargetsInParallel = 1;
				LastSwiftUpdateCheck = 1340;
				LastUpgradeCheck = 1340;
				TargetAttributes = {
					A1B301F328ABCD3C008863E9 = {
						CreatedOnToolsVersion = 13.4.1;
					};
					FBF7026B294365DF00DD30CA = {
						CreatedOnToolsVersion = 14.1;
					};
				};
			};
			buildConfigurationList = A1B301EF28ABCD3C008863E9 /* Build configuration list for PBXProject "SampleApp" */;
			compatibilityVersion = "Xcode 13.0";
			developmentRegion = en;
			hasScannedForEncodings = 0;
			knownRegions = (
				en,
				Base,
			);
			mainGroup = A1B301EB28ABCD3C008863E9;
			productRefGroup = A1B301F528ABCD3C008863E9 /* Products */;
			projectDirPath = "";
			projectRoot = "";
			targets = (
				A1B301F328ABCD3C008863E9 /* SampleApp-swift */,
				FBF7026B294365DF00DD30CA /* SampleApp-objc */,
			);
		};
/* End PBXProject section */

/* Begin PBXResourcesBuildPhase section */
		A1B301F228ABCD3C008863E9 /* Resources */ = {
			isa = PBXResourcesBuildPhase;
			buildActionMask = 2147483647;
			files = (
				A1B301FF28ABCD3D008863E9 /* Preview Assets.xcassets in Resources */,
				A1B301FC28ABCD3D008863E9 /* Assets.xcassets in Resources */,
			);
			runOnlyForDeploymentPostprocessing = 0;
		};
		FBF7026A294365DF00DD30CA /* Resources */ = {
			isa = PBXResourcesBuildPhase;
			buildActionMask = 2147483647;
			files = (
				FBF7027E294365E000DD30CA /* LaunchScreen.storyboard in Resources */,
				FBF7027B294365E000DD30CA /* Assets.xcassets in Resources */,
			);
			runOnlyForDeploymentPostprocessing = 0;
		};
/* End PBXResourcesBuildPhase section */

/* Begin PBXShellScriptBuildPhase section */
		31C90C282C90CFB4EEC7F655 /* [CP] Embed Pods Frameworks */ = {
			isa = PBXShellScriptBuildPhase;
			buildActionMask = 2147483647;
			files = (
			);
			inputFileListPaths = (
				"${PODS_ROOT}/Target Support Files/Pods-SampleApp-objc/Pods-SampleApp-objc-frameworks-${CONFIGURATION}-input-files.xcfilelist",
			);
			name = "[CP] Embed Pods Frameworks";
			outputFileListPaths = (
				"${PODS_ROOT}/Target Support Files/Pods-SampleApp-objc/Pods-SampleApp-objc-frameworks-${CONFIGURATION}-output-files.xcfilelist",
			);
			runOnlyForDeploymentPostprocessing = 0;
			shellPath = /bin/sh;
			shellScript = "\"${PODS_ROOT}/Target Support Files/Pods-SampleApp-objc/Pods-SampleApp-objc-frameworks.sh\"\n";
			showEnvVarsInLog = 0;
		};
		49CC27DA03C2CF08E7050B19 /* [CP] Check Pods Manifest.lock */ = {
			isa = PBXShellScriptBuildPhase;
			buildActionMask = 2147483647;
			files = (
			);
			inputFileListPaths = (
			);
			inputPaths = (
				"${PODS_PODFILE_DIR_PATH}/Podfile.lock",
				"${PODS_ROOT}/Manifest.lock",
			);
			name = "[CP] Check Pods Manifest.lock";
			outputFileListPaths = (
			);
			outputPaths = (
				"$(DERIVED_FILE_DIR)/Pods-SampleApp-objc-checkManifestLockResult.txt",
			);
			runOnlyForDeploymentPostprocessing = 0;
			shellPath = /bin/sh;
			shellScript = "diff \"${PODS_PODFILE_DIR_PATH}/Podfile.lock\" \"${PODS_ROOT}/Manifest.lock\" > /dev/null\nif [ $? != 0 ] ; then\n    # print error to STDERR\n    echo \"error: The sandbox is not in sync with the Podfile.lock. Run 'pod install' or update your CocoaPods installation.\" >&2\n    exit 1\nfi\n# This output is used by Xcode 'outputs' to avoid re-running this script phase.\necho \"SUCCESS\" > \"${SCRIPT_OUTPUT_FILE_0}\"\n";
			showEnvVarsInLog = 0;
		};
		4AC8B70D71CE4D3FA182DB06 /* [CP] Embed Pods Frameworks */ = {
			isa = PBXShellScriptBuildPhase;
			buildActionMask = 2147483647;
			files = (
			);
			inputFileListPaths = (
				"${PODS_ROOT}/Target Support Files/Pods-SampleApp-swift/Pods-SampleApp-swift-frameworks-${CONFIGURATION}-input-files.xcfilelist",
			);
			name = "[CP] Embed Pods Frameworks";
			outputFileListPaths = (
				"${PODS_ROOT}/Target Support Files/Pods-SampleApp-swift/Pods-SampleApp-swift-frameworks-${CONFIGURATION}-output-files.xcfilelist",
			);
			runOnlyForDeploymentPostprocessing = 0;
			shellPath = /bin/sh;
			shellScript = "\"${PODS_ROOT}/Target Support Files/Pods-SampleApp-swift/Pods-SampleApp-swift-frameworks.sh\"\n";
			showEnvVarsInLog = 0;
		};
		9808CFF8B989037CD284EC58 /* [CP] Check Pods Manifest.lock */ = {
			isa = PBXShellScriptBuildPhase;
			buildActionMask = 2147483647;
			files = (
			);
			inputFileListPaths = (
			);
			inputPaths = (
				"${PODS_PODFILE_DIR_PATH}/Podfile.lock",
				"${PODS_ROOT}/Manifest.lock",
			);
			name = "[CP] Check Pods Manifest.lock";
			outputFileListPaths = (
			);
			outputPaths = (
				"$(DERIVED_FILE_DIR)/Pods-SampleApp-swift-checkManifestLockResult.txt",
			);
			runOnlyForDeploymentPostprocessing = 0;
			shellPath = /bin/sh;
			shellScript = "diff \"${PODS_PODFILE_DIR_PATH}/Podfile.lock\" \"${PODS_ROOT}/Manifest.lock\" > /dev/null\nif [ $? != 0 ] ; then\n    # print error to STDERR\n    echo \"error: The sandbox is not in sync with the Podfile.lock. Run 'pod install' or update your CocoaPods installation.\" >&2\n    exit 1\nfi\n# This output is used by Xcode 'outputs' to avoid re-running this script phase.\necho \"SUCCESS\" > \"${SCRIPT_OUTPUT_FILE_0}\"\n";
			showEnvVarsInLog = 0;
		};
/* End PBXShellScriptBuildPhase section */

/* Begin PBXSourcesBuildPhase section */
		A1B301F028ABCD3C008863E9 /* Sources */ = {
			isa = PBXSourcesBuildPhase;
			buildActionMask = 2147483647;
			files = (
				FB23963A2937912000118820 /* TokenHandler.swift in Sources */,
				A1B301FA28ABCD3C008863E9 /* ContentView.swift in Sources */,
				A1B3023B28AD03E8008863E9 /* DeviceInformation.swift in Sources */,
				A1B301F828ABCD3C008863E9 /* SampleApp.swift in Sources */,
				A1B3022D28ACDB4C008863E9 /* Credentials.swift in Sources */,
			);
			runOnlyForDeploymentPostprocessing = 0;
		};
		FBF70268294365DF00DD30CA /* Sources */ = {
			isa = PBXSourcesBuildPhase;
			buildActionMask = 2147483647;
			files = (
				FBF7028A294676C300DD30CA /* TokenHandler.m in Sources */,
				FBF70276294365DF00DD30CA /* ViewController.m in Sources */,
				FBF7028629436AF600DD30CA /* main.m in Sources */,
				FBF70270294365DF00DD30CA /* AppDelegate.m in Sources */,
				FBEE0EE02947C5BD00A91F6E /* DeviceInformation.m in Sources */,
				FBEE0EE42947F7C700A91F6E /* AppNavigation.m in Sources */,
				FBEE0EDD2947C5A900A91F6E /* Credentials.m in Sources */,
			);
			runOnlyForDeploymentPostprocessing = 0;
		};
/* End PBXSourcesBuildPhase section */

/* Begin PBXVariantGroup section */
		FBF7027C294365E000DD30CA /* LaunchScreen.storyboard */ = {
			isa = PBXVariantGroup;
			children = (
				FBF7027D294365E000DD30CA /* Base */,
			);
			name = LaunchScreen.storyboard;
			sourceTree = "<group>";
		};
/* End PBXVariantGroup section */

/* Begin XCBuildConfiguration section */
		A1B3021628ABCD3D008863E9 /* Debug */ = {
			isa = XCBuildConfiguration;
			buildSettings = {
				ALWAYS_SEARCH_USER_PATHS = NO;
				CLANG_ANALYZER_NONNULL = YES;
				CLANG_ANALYZER_NUMBER_OBJECT_CONVERSION = YES_AGGRESSIVE;
				CLANG_CXX_LANGUAGE_STANDARD = "gnu++17";
				CLANG_ENABLE_MODULES = YES;
				CLANG_ENABLE_OBJC_ARC = YES;
				CLANG_ENABLE_OBJC_WEAK = YES;
				CLANG_WARN_BLOCK_CAPTURE_AUTORELEASING = YES;
				CLANG_WARN_BOOL_CONVERSION = YES;
				CLANG_WARN_COMMA = YES;
				CLANG_WARN_CONSTANT_CONVERSION = YES;
				CLANG_WARN_DEPRECATED_OBJC_IMPLEMENTATIONS = YES;
				CLANG_WARN_DIRECT_OBJC_ISA_USAGE = YES_ERROR;
				CLANG_WARN_DOCUMENTATION_COMMENTS = YES;
				CLANG_WARN_EMPTY_BODY = YES;
				CLANG_WARN_ENUM_CONVERSION = YES;
				CLANG_WARN_INFINITE_RECURSION = YES;
				CLANG_WARN_INT_CONVERSION = YES;
				CLANG_WARN_NON_LITERAL_NULL_CONVERSION = YES;
				CLANG_WARN_OBJC_IMPLICIT_RETAIN_SELF = YES;
				CLANG_WARN_OBJC_LITERAL_CONVERSION = YES;
				CLANG_WARN_OBJC_ROOT_CLASS = YES_ERROR;
				CLANG_WARN_QUOTED_INCLUDE_IN_FRAMEWORK_HEADER = YES;
				CLANG_WARN_RANGE_LOOP_ANALYSIS = YES;
				CLANG_WARN_STRICT_PROTOTYPES = YES;
				CLANG_WARN_SUSPICIOUS_MOVE = YES;
				CLANG_WARN_UNGUARDED_AVAILABILITY = YES_AGGRESSIVE;
				CLANG_WARN_UNREACHABLE_CODE = YES;
				CLANG_WARN__DUPLICATE_METHOD_MATCH = YES;
				COPY_PHASE_STRIP = NO;
				DEBUG_INFORMATION_FORMAT = dwarf;
				ENABLE_STRICT_OBJC_MSGSEND = YES;
				ENABLE_TESTABILITY = YES;
				GCC_C_LANGUAGE_STANDARD = gnu11;
				GCC_DYNAMIC_NO_PIC = NO;
				GCC_NO_COMMON_BLOCKS = YES;
				GCC_OPTIMIZATION_LEVEL = 0;
				GCC_PREPROCESSOR_DEFINITIONS = (
					"DEBUG=1",
					"$(inherited)",
				);
				GCC_WARN_64_TO_32_BIT_CONVERSION = YES;
				GCC_WARN_ABOUT_RETURN_TYPE = YES_ERROR;
				GCC_WARN_UNDECLARED_SELECTOR = YES;
				GCC_WARN_UNINITIALIZED_AUTOS = YES_AGGRESSIVE;
				GCC_WARN_UNUSED_FUNCTION = YES;
				GCC_WARN_UNUSED_VARIABLE = YES;
				IPHONEOS_DEPLOYMENT_TARGET = 14.0;
				MTL_ENABLE_DEBUG_INFO = INCLUDE_SOURCE;
				MTL_FAST_MATH = YES;
				ONLY_ACTIVE_ARCH = YES;
				SDKROOT = iphoneos;
				SWIFT_ACTIVE_COMPILATION_CONDITIONS = DEBUG;
				SWIFT_OPTIMIZATION_LEVEL = "-Onone";
			};
			name = Debug;
		};
		A1B3021728ABCD3D008863E9 /* Release */ = {
			isa = XCBuildConfiguration;
			buildSettings = {
				ALWAYS_SEARCH_USER_PATHS = NO;
				CLANG_ANALYZER_NONNULL = YES;
				CLANG_ANALYZER_NUMBER_OBJECT_CONVERSION = YES_AGGRESSIVE;
				CLANG_CXX_LANGUAGE_STANDARD = "gnu++17";
				CLANG_ENABLE_MODULES = YES;
				CLANG_ENABLE_OBJC_ARC = YES;
				CLANG_ENABLE_OBJC_WEAK = YES;
				CLANG_WARN_BLOCK_CAPTURE_AUTORELEASING = YES;
				CLANG_WARN_BOOL_CONVERSION = YES;
				CLANG_WARN_COMMA = YES;
				CLANG_WARN_CONSTANT_CONVERSION = YES;
				CLANG_WARN_DEPRECATED_OBJC_IMPLEMENTATIONS = YES;
				CLANG_WARN_DIRECT_OBJC_ISA_USAGE = YES_ERROR;
				CLANG_WARN_DOCUMENTATION_COMMENTS = YES;
				CLANG_WARN_EMPTY_BODY = YES;
				CLANG_WARN_ENUM_CONVERSION = YES;
				CLANG_WARN_INFINITE_RECURSION = YES;
				CLANG_WARN_INT_CONVERSION = YES;
				CLANG_WARN_NON_LITERAL_NULL_CONVERSION = YES;
				CLANG_WARN_OBJC_IMPLICIT_RETAIN_SELF = YES;
				CLANG_WARN_OBJC_LITERAL_CONVERSION = YES;
				CLANG_WARN_OBJC_ROOT_CLASS = YES_ERROR;
				CLANG_WARN_QUOTED_INCLUDE_IN_FRAMEWORK_HEADER = YES;
				CLANG_WARN_RANGE_LOOP_ANALYSIS = YES;
				CLANG_WARN_STRICT_PROTOTYPES = YES;
				CLANG_WARN_SUSPICIOUS_MOVE = YES;
				CLANG_WARN_UNGUARDED_AVAILABILITY = YES_AGGRESSIVE;
				CLANG_WARN_UNREACHABLE_CODE = YES;
				CLANG_WARN__DUPLICATE_METHOD_MATCH = YES;
				COPY_PHASE_STRIP = NO;
				DEBUG_INFORMATION_FORMAT = "dwarf-with-dsym";
				ENABLE_NS_ASSERTIONS = NO;
				ENABLE_STRICT_OBJC_MSGSEND = YES;
				GCC_C_LANGUAGE_STANDARD = gnu11;
				GCC_NO_COMMON_BLOCKS = YES;
				GCC_WARN_64_TO_32_BIT_CONVERSION = YES;
				GCC_WARN_ABOUT_RETURN_TYPE = YES_ERROR;
				GCC_WARN_UNDECLARED_SELECTOR = YES;
				GCC_WARN_UNINITIALIZED_AUTOS = YES_AGGRESSIVE;
				GCC_WARN_UNUSED_FUNCTION = YES;
				GCC_WARN_UNUSED_VARIABLE = YES;
				IPHONEOS_DEPLOYMENT_TARGET = 14.0;
				MTL_ENABLE_DEBUG_INFO = NO;
				MTL_FAST_MATH = YES;
				SDKROOT = iphoneos;
				SWIFT_COMPILATION_MODE = wholemodule;
				SWIFT_OPTIMIZATION_LEVEL = "-O";
				VALIDATE_PRODUCT = YES;
			};
			name = Release;
		};
		A1B3021928ABCD3D008863E9 /* Debug */ = {
			isa = XCBuildConfiguration;
			baseConfigurationReference = 0053137DDB7B484761522946 /* Pods-SampleApp-swift.debug.xcconfig */;
			buildSettings = {
				ASSETCATALOG_COMPILER_APPICON_NAME = AppIcon;
				ASSETCATALOG_COMPILER_GLOBAL_ACCENT_COLOR_NAME = AccentColor;
				CODE_SIGN_ENTITLEMENTS = "SampleApp-swift/SampleApp.entitlements";
				CODE_SIGN_STYLE = Automatic;
				CURRENT_PROJECT_VERSION = 1;
				DEVELOPMENT_ASSET_PATHS = "\"SampleApp-swift/Preview Content\"";
				DEVELOPMENT_TEAM = 63PHGT3AA5;
				ENABLE_PREVIEWS = YES;
				GENERATE_INFOPLIST_FILE = YES;
				INFOPLIST_FILE = "SampleApp-swift/Info.plist";
				INFOPLIST_KEY_NFCReaderUsageDescription = "Is used to scan NFC enabled ID Documents";
				INFOPLIST_KEY_NSCameraUsageDescription = "Is used to take pictures of ID Documents";
				INFOPLIST_KEY_UIApplicationSceneManifest_Generation = YES;
				INFOPLIST_KEY_UIApplicationSupportsIndirectInputEvents = YES;
				INFOPLIST_KEY_UILaunchScreen_Generation = YES;
				INFOPLIST_KEY_UISupportedInterfaceOrientations_iPad = "UIInterfaceOrientationPortrait UIInterfaceOrientationPortraitUpsideDown UIInterfaceOrientationLandscapeLeft UIInterfaceOrientationLandscapeRight";
				INFOPLIST_KEY_UISupportedInterfaceOrientations_iPhone = "UIInterfaceOrientationPortrait UIInterfaceOrientationLandscapeLeft UIInterfaceOrientationLandscapeRight";
				LD_RUNPATH_SEARCH_PATHS = (
					"$(inherited)",
					"@executable_path/Frameworks",
				);
				MARKETING_VERSION = 1.0;
				PRODUCT_BUNDLE_IDENTIFIER = "com.365id.idverification.SampleApp-swift";
				PRODUCT_NAME = "$(TARGET_NAME)";
				SWIFT_EMIT_LOC_STRINGS = YES;
				SWIFT_VERSION = 5.0;
				TARGETED_DEVICE_FAMILY = "1,2";
			};
			name = Debug;
		};
		A1B3021A28ABCD3D008863E9 /* Release */ = {
			isa = XCBuildConfiguration;
			baseConfigurationReference = B98AFA183DA2A96F92CAD792 /* Pods-SampleApp-swift.release.xcconfig */;
			buildSettings = {
				ASSETCATALOG_COMPILER_APPICON_NAME = AppIcon;
				ASSETCATALOG_COMPILER_GLOBAL_ACCENT_COLOR_NAME = AccentColor;
				CODE_SIGN_ENTITLEMENTS = "SampleApp-swift/SampleApp.entitlements";
				CODE_SIGN_STYLE = Automatic;
				CURRENT_PROJECT_VERSION = 1;
				DEVELOPMENT_ASSET_PATHS = "\"SampleApp-swift/Preview Content\"";
				DEVELOPMENT_TEAM = 63PHGT3AA5;
				ENABLE_PREVIEWS = YES;
				GENERATE_INFOPLIST_FILE = YES;
				INFOPLIST_FILE = "SampleApp-swift/Info.plist";
				INFOPLIST_KEY_NFCReaderUsageDescription = "Is used to scan NFC enabled ID Documents";
				INFOPLIST_KEY_NSCameraUsageDescription = "Is used to take pictures of ID Documents";
				INFOPLIST_KEY_UIApplicationSceneManifest_Generation = YES;
				INFOPLIST_KEY_UIApplicationSupportsIndirectInputEvents = YES;
				INFOPLIST_KEY_UILaunchScreen_Generation = YES;
				INFOPLIST_KEY_UISupportedInterfaceOrientations_iPad = "UIInterfaceOrientationPortrait UIInterfaceOrientationPortraitUpsideDown UIInterfaceOrientationLandscapeLeft UIInterfaceOrientationLandscapeRight";
				INFOPLIST_KEY_UISupportedInterfaceOrientations_iPhone = "UIInterfaceOrientationPortrait UIInterfaceOrientationLandscapeLeft UIInterfaceOrientationLandscapeRight";
				LD_RUNPATH_SEARCH_PATHS = (
					"$(inherited)",
					"@executable_path/Frameworks",
				);
				MARKETING_VERSION = 1.0;
				PRODUCT_BUNDLE_IDENTIFIER = "com.365id.idverification.SampleApp-swift";
				PRODUCT_NAME = "$(TARGET_NAME)";
				SWIFT_EMIT_LOC_STRINGS = YES;
				SWIFT_VERSION = 5.0;
				TARGETED_DEVICE_FAMILY = "1,2";
			};
			name = Release;
		};
		FBF70283294365E000DD30CA /* Debug */ = {
			isa = XCBuildConfiguration;
			baseConfigurationReference = E2776330147286ED7A93C3C4 /* Pods-SampleApp-objc.debug.xcconfig */;
			buildSettings = {
				ASSETCATALOG_COMPILER_APPICON_NAME = AppIcon;
				ASSETCATALOG_COMPILER_GLOBAL_ACCENT_COLOR_NAME = AccentColor;
				CLANG_CXX_LANGUAGE_STANDARD = "gnu++20";
				CODE_SIGN_ENTITLEMENTS = "SampleApp-objc/application/SampleApp-objc.entitlements";
				CODE_SIGN_STYLE = Automatic;
				CURRENT_PROJECT_VERSION = 1;
				DEVELOPMENT_TEAM = 63PHGT3AA5;
				GENERATE_INFOPLIST_FILE = NO;
				INFOPLIST_FILE = "SampleApp-objc/application/Info.plist";
				INFOPLIST_KEY_UIApplicationSupportsIndirectInputEvents = YES;
				INFOPLIST_KEY_UILaunchStoryboardName = LaunchScreen;
				INFOPLIST_KEY_UIMainStoryboardFile = Main;
				INFOPLIST_KEY_UISupportedInterfaceOrientations_iPad = "UIInterfaceOrientationPortrait UIInterfaceOrientationPortraitUpsideDown UIInterfaceOrientationLandscapeLeft UIInterfaceOrientationLandscapeRight";
				INFOPLIST_KEY_UISupportedInterfaceOrientations_iPhone = "UIInterfaceOrientationPortrait UIInterfaceOrientationLandscapeLeft UIInterfaceOrientationLandscapeRight";
				IPHONEOS_DEPLOYMENT_TARGET = 16.1;
				LD_RUNPATH_SEARCH_PATHS = (
					"$(inherited)",
					"@executable_path/Frameworks",
				);
				MARKETING_VERSION = 1.0;
				PRODUCT_BUNDLE_IDENTIFIER = "com.365id.idverification.SampleApp-objc";
				PRODUCT_NAME = "$(TARGET_NAME)";
				SWIFT_EMIT_LOC_STRINGS = YES;
				TARGETED_DEVICE_FAMILY = "1,2";
			};
			name = Debug;
		};
		FBF70284294365E000DD30CA /* Release */ = {
			isa = XCBuildConfiguration;
			baseConfigurationReference = 4F866595DD9B07450B0B8885 /* Pods-SampleApp-objc.release.xcconfig */;
			buildSettings = {
				ASSETCATALOG_COMPILER_APPICON_NAME = AppIcon;
				ASSETCATALOG_COMPILER_GLOBAL_ACCENT_COLOR_NAME = AccentColor;
				CLANG_CXX_LANGUAGE_STANDARD = "gnu++20";
				CODE_SIGN_ENTITLEMENTS = "SampleApp-objc/application/SampleApp-objc.entitlements";
				CODE_SIGN_STYLE = Automatic;
				CURRENT_PROJECT_VERSION = 1;
				DEVELOPMENT_TEAM = 63PHGT3AA5;
				GENERATE_INFOPLIST_FILE = NO;
				INFOPLIST_FILE = "SampleApp-objc/application/Info.plist";
				INFOPLIST_KEY_UIApplicationSupportsIndirectInputEvents = YES;
				INFOPLIST_KEY_UILaunchStoryboardName = LaunchScreen;
				INFOPLIST_KEY_UIMainStoryboardFile = Main;
				INFOPLIST_KEY_UISupportedInterfaceOrientations_iPad = "UIInterfaceOrientationPortrait UIInterfaceOrientationPortraitUpsideDown UIInterfaceOrientationLandscapeLeft UIInterfaceOrientationLandscapeRight";
				INFOPLIST_KEY_UISupportedInterfaceOrientations_iPhone = "UIInterfaceOrientationPortrait UIInterfaceOrientationLandscapeLeft UIInterfaceOrientationLandscapeRight";
				IPHONEOS_DEPLOYMENT_TARGET = 16.1;
				LD_RUNPATH_SEARCH_PATHS = (
					"$(inherited)",
					"@executable_path/Frameworks",
				);
				MARKETING_VERSION = 1.0;
				PRODUCT_BUNDLE_IDENTIFIER = "com.365id.idverification.SampleApp-objc";
				PRODUCT_NAME = "$(TARGET_NAME)";
				SWIFT_EMIT_LOC_STRINGS = YES;
				TARGETED_DEVICE_FAMILY = "1,2";
			};
			name = Release;
		};
/* End XCBuildConfiguration section */

/* Begin XCConfigurationList section */
		A1B301EF28ABCD3C008863E9 /* Build configuration list for PBXProject "SampleApp" */ = {
			isa = XCConfigurationList;
			buildConfigurations = (
				A1B3021628ABCD3D008863E9 /* Debug */,
				A1B3021728ABCD3D008863E9 /* Release */,
			);
			defaultConfigurationIsVisible = 0;
			defaultConfigurationName = Release;
		};
		A1B3021828ABCD3D008863E9 /* Build configuration list for PBXNativeTarget "SampleApp-swift" */ = {
			isa = XCConfigurationList;
			buildConfigurations = (
				A1B3021928ABCD3D008863E9 /* Debug */,
				A1B3021A28ABCD3D008863E9 /* Release */,
			);
			defaultConfigurationIsVisible = 0;
			defaultConfigurationName = Release;
		};
		FBF70282294365E000DD30CA /* Build configuration list for PBXNativeTarget "SampleApp-objc" */ = {
			isa = XCConfigurationList;
			buildConfigurations = (
				FBF70283294365E000DD30CA /* Debug */,
				FBF70284294365E000DD30CA /* Release */,
			);
			defaultConfigurationIsVisible = 0;
			defaultConfigurationName = Release;
		};
/* End XCConfigurationList section */
	};
	rootObject = A1B301EC28ABCD3C008863E9 /* Project object */;
}
